// !$*UTF8*$!
{
	archiveVersion = 1;
	classes = {
	};
	objectVersion = 46;
	objects = {

/* Begin PBXBuildFile section */
		07AF5270164041DB008428B9 /* LoadingSavingView.m in Sources */ = {isa = PBXBuildFile; fileRef = 07AF526F164041DB008428B9 /* LoadingSavingView.m */; };
		07AF532E1642E2AC008428B9 /* SBS_CRM2.xcdatamodeld in Sources */ = {isa = PBXBuildFile; fileRef = 07AF532C1642E2AB008428B9 /* SBS_CRM2.xcdatamodeld */; };
		07AF533C16431BFC008428B9 /* LoadingView.m in Sources */ = {isa = PBXBuildFile; fileRef = 07AF533B16431BFC008428B9 /* LoadingView.m */; };
		07AF533F16431F6D008428B9 /* Event2+RestKit.m in Sources */ = {isa = PBXBuildFile; fileRef = 07AF533E16431F6C008428B9 /* Event2+RestKit.m */; };
		07AF534216432112008428B9 /* SBSRestKit.m in Sources */ = {isa = PBXBuildFile; fileRef = 07AF534116432111008428B9 /* SBSRestKit.m */; };
		07AF53481643FFA4008428B9 /* EventComment+RestKit.m in Sources */ = {isa = PBXBuildFile; fileRef = 07AF53471643FFA2008428B9 /* EventComment+RestKit.m */; };
		07C08E63162C6E0200CB9CB5 /* libRestKit.a in Frameworks */ = {isa = PBXBuildFile; fileRef = 07C08E57162C6C3700CB9CB5 /* libRestKit.a */; };
		07C08E64162C6E3A00CB9CB5 /* MobileCoreServices.framework in Frameworks */ = {isa = PBXBuildFile; fileRef = 4D92D124158B3C6100FCF5AA /* MobileCoreServices.framework */; };
		07C08E67162C6E3A00CB9CB5 /* CFNetwork.framework in Frameworks */ = {isa = PBXBuildFile; fileRef = 07C08E65162C6E3A00CB9CB5 /* CFNetwork.framework */; };
		07C08E68162C6E3A00CB9CB5 /* libxml2.dylib in Frameworks */ = {isa = PBXBuildFile; fileRef = 07C08E66162C6E3A00CB9CB5 /* libxml2.dylib */; };
		07CCC4C0162C1A33009556C5 /* arrowblack.png in Resources */ = {isa = PBXBuildFile; fileRef = 07CCC4BF162C1A33009556C5 /* arrowblack.png */; };
		07CCC4C2162C1A89009556C5 /* Default~ipad.png in Resources */ = {isa = PBXBuildFile; fileRef = 07CCC4C1162C1A89009556C5 /* Default~ipad.png */; };
		07D0A35516472BCE005397EC /* InfoTableViewController.m in Sources */ = {isa = PBXBuildFile; fileRef = 07D0A35416472BCE005397EC /* InfoTableViewController.m */; };
		07D0A35816492772005397EC /* Version.m in Sources */ = {isa = PBXBuildFile; fileRef = 07D0A35716492772005397EC /* Version.m */; };
		07D0A35E16496840005397EC /* CoreDataTableViewController.m in Sources */ = {isa = PBXBuildFile; fileRef = 07D0A35D16496840005397EC /* CoreDataTableViewController.m */; };
		07D0A366164ABE23005397EC /* EventsTableViewController2.m in Sources */ = {isa = PBXBuildFile; fileRef = 07D0A365164ABE23005397EC /* EventsTableViewController2.m */; };
		07D0A394164C4D58005397EC /* Company2+RestKit.m in Sources */ = {isa = PBXBuildFile; fileRef = 07D0A393164C4D53005397EC /* Company2+RestKit.m */; };
		07E2A71D164C5CE1005D20CB /* Company2.m in Sources */ = {isa = PBXBuildFile; fileRef = 07E2A71C164C5CE0005D20CB /* Company2.m */; };
		07E2A723164C67E0005D20CB /* EventComment.m in Sources */ = {isa = PBXBuildFile; fileRef = 07E2A722164C67E0005D20CB /* EventComment.m */; };
		07E2A72C164D12C5005D20CB /* Event2.m in Sources */ = {isa = PBXBuildFile; fileRef = 07E2A72B164D12C5005D20CB /* Event2.m */; };
		4D064591158B418B000E1170 /* Reachability.m in Sources */ = {isa = PBXBuildFile; fileRef = 4D064590158B418B000E1170 /* Reachability.m */; };
		4D22B8E214F50C72000F6D57 /* DateTimePickerViewController.m in Sources */ = {isa = PBXBuildFile; fileRef = 4D22B8E114F50C72000F6D57 /* DateTimePickerViewController.m */; };
		4D4C5B7A15090391005B2E73 /* CoreLocation.framework in Frameworks */ = {isa = PBXBuildFile; fileRef = 4D4C5B7915090391005B2E73 /* CoreLocation.framework */; };
		4D521EC315235130007C57D3 /* calendar2.png in Resources */ = {isa = PBXBuildFile; fileRef = 4D521EC215235130007C57D3 /* calendar2.png */; };
		4D68B6A114F27A08008DA148 /* libTestFlight.a in Frameworks */ = {isa = PBXBuildFile; fileRef = 4D68B69D14F27A08008DA148 /* libTestFlight.a */; };
		4D68B6A214F27A08008DA148 /* README.txt in Resources */ = {isa = PBXBuildFile; fileRef = 4D68B69E14F27A08008DA148 /* README.txt */; };
		4D68B6A314F27A08008DA148 /* release_notes.txt in Resources */ = {isa = PBXBuildFile; fileRef = 4D68B69F14F27A08008DA148 /* release_notes.txt */; };
		4D68B6A514F27A4C008DA148 /* libz.dylib in Frameworks */ = {isa = PBXBuildFile; fileRef = 4D68B6A414F27A4C008DA148 /* libz.dylib */; };
		4D68B6A914F29D55008DA148 /* doc.gif in Resources */ = {isa = PBXBuildFile; fileRef = 4D68B6A614F29D55008DA148 /* doc.gif */; };
		4D68B6AA14F29D55008DA148 /* xls.gif in Resources */ = {isa = PBXBuildFile; fileRef = 4D68B6A714F29D55008DA148 /* xls.gif */; };
		4D68B6AB14F29D55008DA148 /* pop.gif in Resources */ = {isa = PBXBuildFile; fileRef = 4D68B6A814F29D55008DA148 /* pop.gif */; };
		4D68B6AD14F29FA6008DA148 /* pdf.png in Resources */ = {isa = PBXBuildFile; fileRef = 4D68B6AC14F29FA6008DA148 /* pdf.png */; };
		4D68B6AF14F2A03A008DA148 /* mis.jpg in Resources */ = {isa = PBXBuildFile; fileRef = 4D68B6AE14F2A03A008DA148 /* mis.jpg */; };
		4D6C494514EE6E0C00D3A658 /* CommunicationSearch.m in Sources */ = {isa = PBXBuildFile; fileRef = 4D6C494414EE6E0C00D3A658 /* CommunicationSearch.m */; };
		4D7241F414E52114002E5052 /* PullRefreshTableViewController.m in Sources */ = {isa = PBXBuildFile; fileRef = 4D7241F114E52114002E5052 /* PullRefreshTableViewController.m */; };
		4D78CFEA14E2C9F8008B65A6 /* UIKit.framework in Frameworks */ = {isa = PBXBuildFile; fileRef = 4D78CFE914E2C9F8008B65A6 /* UIKit.framework */; };
		4D78CFEC14E2C9F8008B65A6 /* Foundation.framework in Frameworks */ = {isa = PBXBuildFile; fileRef = 4D78CFEB14E2C9F8008B65A6 /* Foundation.framework */; };
		4D78CFEE14E2C9F8008B65A6 /* CoreGraphics.framework in Frameworks */ = {isa = PBXBuildFile; fileRef = 4D78CFED14E2C9F8008B65A6 /* CoreGraphics.framework */; };
		4D78CFF014E2C9F8008B65A6 /* CoreData.framework in Frameworks */ = {isa = PBXBuildFile; fileRef = 4D78CFEF14E2C9F8008B65A6 /* CoreData.framework */; };
		4D78CFF614E2C9F8008B65A6 /* InfoPlist.strings in Resources */ = {isa = PBXBuildFile; fileRef = 4D78CFF414E2C9F8008B65A6 /* InfoPlist.strings */; };
		4D78CFF814E2C9F8008B65A6 /* main.m in Sources */ = {isa = PBXBuildFile; fileRef = 4D78CFF714E2C9F8008B65A6 /* main.m */; };
		4D78CFFC14E2C9F8008B65A6 /* AppDelegate.m in Sources */ = {isa = PBXBuildFile; fileRef = 4D78CFFB14E2C9F8008B65A6 /* AppDelegate.m */; };
		4D78CFFF14E2C9F8008B65A6 /* SBS_CRM.xcdatamodeld in Sources */ = {isa = PBXBuildFile; fileRef = 4D78CFFD14E2C9F8008B65A6 /* SBS_CRM.xcdatamodeld */; };
		4D78D00614E2CA28008B65A6 /* Storyboard.storyboard in Resources */ = {isa = PBXBuildFile; fileRef = 4D78D00514E2CA28008B65A6 /* Storyboard.storyboard */; };
		4D78D01114E2CAD0008B65A6 /* LoginViewController.m in Sources */ = {isa = PBXBuildFile; fileRef = 4D78D01014E2CAD0008B65A6 /* LoginViewController.m */; };
		4D78D01414E2CBD5008B65A6 /* KeychainItemWrapper.m in Sources */ = {isa = PBXBuildFile; fileRef = 4D78D01314E2CBD5008B65A6 /* KeychainItemWrapper.m */; };
		4D78D01614E2CCC4008B65A6 /* Security.framework in Frameworks */ = {isa = PBXBuildFile; fileRef = 4D78D01514E2CCC3008B65A6 /* Security.framework */; };
		4D78D05514E2EAA4008B65A6 /* DDXMLElementAdditions.m in Sources */ = {isa = PBXBuildFile; fileRef = 4D78D04814E2EAA4008B65A6 /* DDXMLElementAdditions.m */; };
		4D78D05614E2EAA4008B65A6 /* NSString+DDXML.m in Sources */ = {isa = PBXBuildFile; fileRef = 4D78D04B14E2EAA4008B65A6 /* NSString+DDXML.m */; };
		4D78D05714E2EAA4008B65A6 /* DDXMLDocument.m in Sources */ = {isa = PBXBuildFile; fileRef = 4D78D04E14E2EAA4008B65A6 /* DDXMLDocument.m */; };
		4D78D05814E2EAA4008B65A6 /* DDXMLElement.m in Sources */ = {isa = PBXBuildFile; fileRef = 4D78D05014E2EAA4008B65A6 /* DDXMLElement.m */; };
		4D78D05914E2EAA4008B65A6 /* DDXMLNode.m in Sources */ = {isa = PBXBuildFile; fileRef = 4D78D05214E2EAA4008B65A6 /* DDXMLNode.m */; };
		4D7FE4EF1576DF47008CA61F /* NSManagedObject+CoreDataManager.m in Sources */ = {isa = PBXBuildFile; fileRef = 4D7FE4EE1576DF47008CA61F /* NSManagedObject+CoreDataManager.m */; };
		4D86478F14E3D4AB00967A9E /* suttleworth_r1_c2.jpg in Resources */ = {isa = PBXBuildFile; fileRef = 4D86478E14E3D4AB00967A9E /* suttleworth_r1_c2.jpg */; };
		4D86479714E3FBF700967A9E /* MoreTableViewController.m in Sources */ = {isa = PBXBuildFile; fileRef = 4D86479614E3FBF700967A9E /* MoreTableViewController.m */; };
		4D8647A114E40CC900967A9E /* 83-calendar.png in Resources */ = {isa = PBXBuildFile; fileRef = 4D8647A014E40CC900967A9E /* 83-calendar.png */; };
		4D8647A414E40D0400967A9E /* EventsTableViewController.m in Sources */ = {isa = PBXBuildFile; fileRef = 4D8647A314E40D0400967A9E /* EventsTableViewController.m */; };
		4D8647A714E40D2E00967A9E /* SyncData.m in Sources */ = {isa = PBXBuildFile; fileRef = 4D8647A614E40D2E00967A9E /* SyncData.m */; };
		4D8647AA14E411AB00967A9E /* Attachment.m in Sources */ = {isa = PBXBuildFile; fileRef = 4D8647A914E411AB00967A9E /* Attachment.m */; };
		4D8647B314E411AE00967A9E /* Communication.m in Sources */ = {isa = PBXBuildFile; fileRef = 4D8647B214E411AE00967A9E /* Communication.m */; };
		4D8647BA14E4156300967A9E /* EventTableViewCell.xib in Resources */ = {isa = PBXBuildFile; fileRef = 4D8647B914E4156300967A9E /* EventTableViewCell.xib */; };
		4D8647BD14E417A100967A9E /* EventTableViewCell.m in Sources */ = {isa = PBXBuildFile; fileRef = 4D8647BC14E417A000967A9E /* EventTableViewCell.m */; };
		4D867BBF152081600027288D /* FetchXML.m in Sources */ = {isa = PBXBuildFile; fileRef = 4D867BBE1520815F0027288D /* FetchXML.m */; };
		4D86D99015220BEB00AB5D7E /* AttachmentSearch.m in Sources */ = {isa = PBXBuildFile; fileRef = 4D86D98F15220BEB00AB5D7E /* AttachmentSearch.m */; };
		4D8806AC1564FA8C00BB8C3E /* EditTableViewController.m in Sources */ = {isa = PBXBuildFile; fileRef = 4D8806AB1564FA8C00BB8C3E /* EditTableViewController.m */; };
		4D887B081564454F000AFA66 /* refresh5.png in Resources */ = {isa = PBXBuildFile; fileRef = 4D887B061564454F000AFA66 /* refresh5.png */; };
		4D887B091564454F000AFA66 /* refresh6.png in Resources */ = {isa = PBXBuildFile; fileRef = 4D887B071564454F000AFA66 /* refresh6.png */; };
		4D892E7F14EA6CA9000B300B /* CompanyDetailsTableViewController.m in Sources */ = {isa = PBXBuildFile; fileRef = 4D892E7E14EA6CA9000B300B /* CompanyDetailsTableViewController.m */; };
		4D892E8E14EA870A000B300B /* MapKit.framework in Frameworks */ = {isa = PBXBuildFile; fileRef = 4D892E8D14EA870A000B300B /* MapKit.framework */; };
		4D892E9414EA8ED4000B300B /* MapViewController.m in Sources */ = {isa = PBXBuildFile; fileRef = 4D892E9314EA8ED4000B300B /* MapViewController.m */; };
		4D892E9B14EA9EDF000B300B /* ContactDetailsTableViewController.m in Sources */ = {isa = PBXBuildFile; fileRef = 4D892E9A14EA9EDF000B300B /* ContactDetailsTableViewController.m */; };
		4D89A5AD158A314900023D12 /* Icon@2x144.png in Resources */ = {isa = PBXBuildFile; fileRef = 4D89A5AC158A314900023D12 /* Icon@2x144.png */; };
		4D8A427D15230BB50019E565 /* XMLParser.m in Sources */ = {isa = PBXBuildFile; fileRef = 4D8A427C15230BB50019E565 /* XMLParser.m */; };
		4D8A428015230BEC0019E565 /* SaveToCoreData.m in Sources */ = {isa = PBXBuildFile; fileRef = 4D8A427F15230BEC0019E565 /* SaveToCoreData.m */; };
		4D8A428315230CA60019E565 /* Format.m in Sources */ = {isa = PBXBuildFile; fileRef = 4D8A428215230CA60019E565 /* Format.m */; };
		4D8CD1771581F5DD0055E07E /* Convert.m in Sources */ = {isa = PBXBuildFile; fileRef = 4D8CD1761581F5DD0055E07E /* Convert.m */; };
		4D8D0A5A1579076D000A6FA6 /* CompanySiteSearchViewController.m in Sources */ = {isa = PBXBuildFile; fileRef = 4D8D0A591579076D000A6FA6 /* CompanySiteSearchViewController.m */; };
		4D8EF56A14F79F700062660F /* AdvancedSearchTableViewController.m in Sources */ = {isa = PBXBuildFile; fileRef = 4D8EF56914F79F700062660F /* AdvancedSearchTableViewController.m */; };
		4D8EF56D14F7A0C50062660F /* LookUpTableViewController.m in Sources */ = {isa = PBXBuildFile; fileRef = 4D8EF56C14F7A0C50062660F /* LookUpTableViewController.m */; };
		4D8EF57414F7F33D0062660F /* dateTimePickerViewControllerOld.h in Resources */ = {isa = PBXBuildFile; fileRef = 4D8EF57314F7F33D0062660F /* dateTimePickerViewControllerOld.h */; };
		4D8EF57614F7F35A0062660F /* dateTimePickerViewControllerOld.m in Sources */ = {isa = PBXBuildFile; fileRef = 4D8EF57514F7F35A0062660F /* dateTimePickerViewControllerOld.m */; };
		4D8F7FC814FB9298005C776B /* PickerViewController.m in Sources */ = {isa = PBXBuildFile; fileRef = 4D8F7FC714FB9298005C776B /* PickerViewController.m */; };
		4D8F975A14E9142900FA0013 /* Contact.m in Sources */ = {isa = PBXBuildFile; fileRef = 4D8F975914E9142900FA0013 /* Contact.m */; };
		4D8FB3C315761170008143A3 /* AddEventViewController.m in Sources */ = {isa = PBXBuildFile; fileRef = 4D8FB3C215761170008143A3 /* AddEventViewController.m */; };
		4D9008531562817A0029AAD4 /* refresh.png in Resources */ = {isa = PBXBuildFile; fileRef = 4D9008521562817A0029AAD4 /* refresh.png */; };
		4D9086CE15877D88002020EA /* Icon.png in Resources */ = {isa = PBXBuildFile; fileRef = 4D2EE4EC14EEA0D90030B1C0 /* Icon.png */; };
		4D9086D015877DC6002020EA /* Icon-Small@2x.png in Resources */ = {isa = PBXBuildFile; fileRef = 4D9086CF15877DC6002020EA /* Icon-Small@2x.png */; };
		4D90BF3314EBCE14007C8401 /* EventDetailsTableViewController.m in Sources */ = {isa = PBXBuildFile; fileRef = 4D90BF3214EBCE14007C8401 /* EventDetailsTableViewController.m */; };
		4D90BF3614EBDF78007C8401 /* TextViewController.m in Sources */ = {isa = PBXBuildFile; fileRef = 4D90BF3514EBDF78007C8401 /* TextViewController.m */; };
		4D90BF3C14EBEFBA007C8401 /* EventsListTableViewController.m in Sources */ = {isa = PBXBuildFile; fileRef = 4D90BF3B14EBEFBA007C8401 /* EventsListTableViewController.m */; };
		4D90BF4014EBF49D007C8401 /* EventSearch.m in Sources */ = {isa = PBXBuildFile; fileRef = 4D90BF3F14EBF49D007C8401 /* EventSearch.m */; };
		4D92D11F158B395D00FCF5AA /* SystemConfiguration.framework in Frameworks */ = {isa = PBXBuildFile; fileRef = 4D92D11E158B395D00FCF5AA /* SystemConfiguration.framework */; };
		4D99CFEE1586248C00E8BD6A /* UserDetails.m in Sources */ = {isa = PBXBuildFile; fileRef = 4D99CFED1586248B00E8BD6A /* UserDetails.m */; };
		4D99E35B14FE621D00B1F089 /* DocumentViewController.m in Sources */ = {isa = PBXBuildFile; fileRef = 4D99E35A14FE621D00B1F089 /* DocumentViewController.m */; };
		4D99E35E14FE62ED00B1F089 /* Office2010IconsGallery.docx in Resources */ = {isa = PBXBuildFile; fileRef = 4D99E35D14FE62ED00B1F089 /* Office2010IconsGallery.docx */; };
		4D9DC5331562823C00B6AF9D /* refresh2.png in Resources */ = {isa = PBXBuildFile; fileRef = 4D9DC5321562823C00B6AF9D /* refresh2.png */; };
		4D9DC53A1562853500B6AF9D /* refresh4.png in Resources */ = {isa = PBXBuildFile; fileRef = 4D9DC5391562853500B6AF9D /* refresh4.png */; };
		4DABFD211508E706000EC21B /* MyLocation.m in Sources */ = {isa = PBXBuildFile; fileRef = 4DABFD201508E706000EC21B /* MyLocation.m */; };
		4DB37B3914E92CAD0085D903 /* 177-building.png in Resources */ = {isa = PBXBuildFile; fileRef = 4DB37B3814E92CAD0085D903 /* 177-building.png */; };
		4DB37B3C14E92EEE0085D903 /* icon.tiff in Resources */ = {isa = PBXBuildFile; fileRef = 4DB37B3B14E92EEE0085D903 /* icon.tiff */; };
		4DB37B3F14E92FA40085D903 /* CompanyTableViewController.m in Sources */ = {isa = PBXBuildFile; fileRef = 4DB37B3E14E92FA40085D903 /* CompanyTableViewController.m */; };
		4DB37B4214E947070085D903 /* CompanySearch.m in Sources */ = {isa = PBXBuildFile; fileRef = 4DB37B4114E947070085D903 /* CompanySearch.m */; };
		4DB37B4A14E9681D0085D903 /* ContactsTableViewController.m in Sources */ = {isa = PBXBuildFile; fileRef = 4DB37B4914E9681D0085D903 /* ContactsTableViewController.m */; };
		4DB37B4D14E968BE0085D903 /* ContactSearch.m in Sources */ = {isa = PBXBuildFile; fileRef = 4DB37B4C14E968BE0085D903 /* ContactSearch.m */; };
		4DB68BF3150A18CB00C369DB /* circlered.png in Resources */ = {isa = PBXBuildFile; fileRef = 4DB68BF1150A18CB00C369DB /* circlered.png */; };
		4DB68BF4150A18CB00C369DB /* circleblue.png in Resources */ = {isa = PBXBuildFile; fileRef = 4DB68BF2150A18CB00C369DB /* circleblue.png */; };
		4DB68BF6150A20DC00C369DB /* Watch.png in Resources */ = {isa = PBXBuildFile; fileRef = 4DB68BF5150A20DC00C369DB /* Watch.png */; };
		4DB68C02150A23BD00C369DB /* Event.m in Sources */ = {isa = PBXBuildFile; fileRef = 4DB68C01150A23BD00C369DB /* Event.m */; };
		4DB68C0E150A390700C369DB /* Default-Landscape~ipad.png in Resources */ = {isa = PBXBuildFile; fileRef = 4DB68C03150A390200C369DB /* Default-Landscape~ipad.png */; };
		4DB68C0F150A390700C369DB /* Default-Portrait~ipad.png in Resources */ = {isa = PBXBuildFile; fileRef = 4DB68C04150A390200C369DB /* Default-Portrait~ipad.png */; };
		4DB68C10150A390700C369DB /* Default.png in Resources */ = {isa = PBXBuildFile; fileRef = 4DB68C05150A390300C369DB /* Default.png */; };
		4DB68C11150A390700C369DB /* Default@2x.png in Resources */ = {isa = PBXBuildFile; fileRef = 4DB68C06150A390300C369DB /* Default@2x.png */; };
		4DB68C13150A390700C369DB /* Icon-72.png in Resources */ = {isa = PBXBuildFile; fileRef = 4DB68C08150A390400C369DB /* Icon-72.png */; };
		4DB68C14150A390700C369DB /* Icon-Small-50.png in Resources */ = {isa = PBXBuildFile; fileRef = 4DB68C09150A390400C369DB /* Icon-Small-50.png */; };
		4DB68C15150A390700C369DB /* Icon-Small.png in Resources */ = {isa = PBXBuildFile; fileRef = 4DB68C0A150A390500C369DB /* Icon-Small.png */; };
		4DB68C1A150A392100C369DB /* Default-Portrait@2x~ipad.png in Resources */ = {isa = PBXBuildFile; fileRef = 4DB68C19150A392100C369DB /* Default-Portrait@2x~ipad.png */; };
		4DB68C1C150A392700C369DB /* Default-Landscape@2x~ipad.png in Resources */ = {isa = PBXBuildFile; fileRef = 4DB68C1B150A392700C369DB /* Default-Landscape@2x~ipad.png */; };
		4DB7D78915889152005554D4 /* Icon@2x.png in Resources */ = {isa = PBXBuildFile; fileRef = 4DB68C0D150A390700C369DB /* Icon@2x.png */; };
		4DB7D78B1588965C005554D4 /* Icon@ipadRetina.png in Resources */ = {isa = PBXBuildFile; fileRef = 4DB7D78A1588965C005554D4 /* Icon@ipadRetina.png */; };
		4DB7D78D158896EA005554D4 /* icon144.png in Resources */ = {isa = PBXBuildFile; fileRef = 4DB7D78C158896EA005554D4 /* icon144.png */; };
		4DC453F414ED15CD00BCE52D /* ContactListTableViewController.m in Sources */ = {isa = PBXBuildFile; fileRef = 4DC453F314ED15CD00BCE52D /* ContactListTableViewController.m */; };
		4DC895EE152C67510089A580 /* Watch-1.png in Resources */ = {isa = PBXBuildFile; fileRef = 4DC895ED152C67510089A580 /* Watch-1.png */; };
		4DD14F4115C2DD7C0059151B /* PropertyInfo.m in Sources */ = {isa = PBXBuildFile; fileRef = 4DD14F4015C2DD7C0059151B /* PropertyInfo.m */; };
		4DE891FA15C8141000A21B54 /* AlertsAndBadges.m in Sources */ = {isa = PBXBuildFile; fileRef = 4DE891F915C8141000A21B54 /* AlertsAndBadges.m */; };
		4DEC90B2155BEB3200038581 /* AddCommentViewController.m in Sources */ = {isa = PBXBuildFile; fileRef = 4DEC90B1155BEB3200038581 /* AddCommentViewController.m */; };
		4DEFB3D114E52436004BA468 /* QuartzCore.framework in Frameworks */ = {isa = PBXBuildFile; fileRef = 4DEFB3D014E52436004BA468 /* QuartzCore.framework */; };
		4DEFB3D514E56467004BA468 /* EventsCellData.m in Sources */ = {isa = PBXBuildFile; fileRef = 4DEFB3D414E56467004BA468 /* EventsCellData.m */; };
/* End PBXBuildFile section */

/* Begin PBXContainerItemProxy section */
		07C08E56162C6C3700CB9CB5 /* PBXContainerItemProxy */ = {
			isa = PBXContainerItemProxy;
			containerPortal = 07C08E4B162C6C3600CB9CB5 /* RestKit.xcodeproj */;
			proxyType = 2;
			remoteGlobalIDString = 25160D1614564E810060A5C5;
			remoteInfo = RestKit;
		};
		07C08E58162C6C3700CB9CB5 /* PBXContainerItemProxy */ = {
			isa = PBXContainerItemProxy;
			containerPortal = 07C08E4B162C6C3600CB9CB5 /* RestKit.xcodeproj */;
			proxyType = 2;
			remoteGlobalIDString = 25160D2614564E820060A5C5;
			remoteInfo = RestKitTests;
		};
		07C08E5A162C6C3700CB9CB5 /* PBXContainerItemProxy */ = {
			isa = PBXContainerItemProxy;
			containerPortal = 07C08E4B162C6C3600CB9CB5 /* RestKit.xcodeproj */;
			proxyType = 2;
			remoteGlobalIDString = 25160E62145651060060A5C5;
			remoteInfo = RestKitFramework;
		};
		07C08E5C162C6C3700CB9CB5 /* PBXContainerItemProxy */ = {
			isa = PBXContainerItemProxy;
			containerPortal = 07C08E4B162C6C3600CB9CB5 /* RestKit.xcodeproj */;
			proxyType = 2;
			remoteGlobalIDString = 25160E78145651060060A5C5;
			remoteInfo = RestKitFrameworkTests;
		};
		07C08E5E162C6C3700CB9CB5 /* PBXContainerItemProxy */ = {
			isa = PBXContainerItemProxy;
			containerPortal = 07C08E4B162C6C3600CB9CB5 /* RestKit.xcodeproj */;
			proxyType = 2;
			remoteGlobalIDString = 259C301615128079003066A2;
			remoteInfo = RestKitResources;
		};
		07C08E61162C6DE100CB9CB5 /* PBXContainerItemProxy */ = {
			isa = PBXContainerItemProxy;
			containerPortal = 07C08E4B162C6C3600CB9CB5 /* RestKit.xcodeproj */;
			proxyType = 1;
			remoteGlobalIDString = 25160D1514564E810060A5C5;
			remoteInfo = RestKit;
		};
/* End PBXContainerItemProxy section */

/* Begin PBXFileReference section */
		07AF526F164041DB008428B9 /* LoadingSavingView.m */ = {isa = PBXFileReference; fileEncoding = 4; lastKnownFileType = sourcecode.c.objc; path = LoadingSavingView.m; sourceTree = "<group>"; };
		07AF532D1642E2AC008428B9 /* SBS_CRM2.xcdatamodel */ = {isa = PBXFileReference; lastKnownFileType = wrapper.xcdatamodel; path = SBS_CRM2.xcdatamodel; sourceTree = "<group>"; };
		07AF533A16431BFC008428B9 /* LoadingView.h */ = {isa = PBXFileReference; fileEncoding = 4; lastKnownFileType = sourcecode.c.h; path = LoadingView.h; sourceTree = "<group>"; };
		07AF533B16431BFC008428B9 /* LoadingView.m */ = {isa = PBXFileReference; fileEncoding = 4; lastKnownFileType = sourcecode.c.objc; path = LoadingView.m; sourceTree = "<group>"; };
		07AF533D16431F6C008428B9 /* Event2+RestKit.h */ = {isa = PBXFileReference; fileEncoding = 4; lastKnownFileType = sourcecode.c.h; path = "Event2+RestKit.h"; sourceTree = "<group>"; };
		07AF533E16431F6C008428B9 /* Event2+RestKit.m */ = {isa = PBXFileReference; fileEncoding = 4; lastKnownFileType = sourcecode.c.objc; path = "Event2+RestKit.m"; sourceTree = "<group>"; };
		07AF534016432111008428B9 /* SBSRestKit.h */ = {isa = PBXFileReference; fileEncoding = 4; lastKnownFileType = sourcecode.c.h; path = SBSRestKit.h; sourceTree = "<group>"; };
		07AF534116432111008428B9 /* SBSRestKit.m */ = {isa = PBXFileReference; fileEncoding = 4; lastKnownFileType = sourcecode.c.objc; path = SBSRestKit.m; sourceTree = "<group>"; };
		07AF53461643FFA1008428B9 /* EventComment+RestKit.h */ = {isa = PBXFileReference; fileEncoding = 4; lastKnownFileType = sourcecode.c.h; path = "EventComment+RestKit.h"; sourceTree = "<group>"; };
		07AF53471643FFA2008428B9 /* EventComment+RestKit.m */ = {isa = PBXFileReference; fileEncoding = 4; lastKnownFileType = sourcecode.c.objc; path = "EventComment+RestKit.m"; sourceTree = "<group>"; };
		07C08E4B162C6C3600CB9CB5 /* RestKit.xcodeproj */ = {isa = PBXFileReference; lastKnownFileType = "wrapper.pb-project"; name = RestKit.xcodeproj; path = RestKit/RestKit.xcodeproj; sourceTree = "<group>"; };
		07C08E65162C6E3A00CB9CB5 /* CFNetwork.framework */ = {isa = PBXFileReference; lastKnownFileType = wrapper.framework; name = CFNetwork.framework; path = System/Library/Frameworks/CFNetwork.framework; sourceTree = SDKROOT; };
		07C08E66162C6E3A00CB9CB5 /* libxml2.dylib */ = {isa = PBXFileReference; lastKnownFileType = "compiled.mach-o.dylib"; name = libxml2.dylib; path = usr/lib/libxml2.dylib; sourceTree = SDKROOT; };
		07CCC4BF162C1A33009556C5 /* arrowblack.png */ = {isa = PBXFileReference; lastKnownFileType = image.png; path = arrowblack.png; sourceTree = "<group>"; };
		07CCC4C1162C1A89009556C5 /* Default~ipad.png */ = {isa = PBXFileReference; lastKnownFileType = image.png; path = "Default~ipad.png"; sourceTree = SOURCE_ROOT; };
		07D0A35316472BCE005397EC /* InfoTableViewController.h */ = {isa = PBXFileReference; fileEncoding = 4; lastKnownFileType = sourcecode.c.h; path = InfoTableViewController.h; sourceTree = "<group>"; };
		07D0A35416472BCE005397EC /* InfoTableViewController.m */ = {isa = PBXFileReference; fileEncoding = 4; lastKnownFileType = sourcecode.c.objc; path = InfoTableViewController.m; sourceTree = "<group>"; };
		07D0A35616492772005397EC /* Version.h */ = {isa = PBXFileReference; fileEncoding = 4; lastKnownFileType = sourcecode.c.h; path = Version.h; sourceTree = "<group>"; };
		07D0A35716492772005397EC /* Version.m */ = {isa = PBXFileReference; fileEncoding = 4; lastKnownFileType = sourcecode.c.objc; path = Version.m; sourceTree = "<group>"; };
		07D0A35C16496840005397EC /* CoreDataTableViewController.h */ = {isa = PBXFileReference; fileEncoding = 4; lastKnownFileType = sourcecode.c.h; path = CoreDataTableViewController.h; sourceTree = "<group>"; };
		07D0A35D16496840005397EC /* CoreDataTableViewController.m */ = {isa = PBXFileReference; fileEncoding = 4; lastKnownFileType = sourcecode.c.objc; path = CoreDataTableViewController.m; sourceTree = "<group>"; };
		07D0A365164ABE23005397EC /* EventsTableViewController2.m */ = {isa = PBXFileReference; fileEncoding = 4; lastKnownFileType = sourcecode.c.objc; path = EventsTableViewController2.m; sourceTree = "<group>"; };
		07D0A367164ABF8C005397EC /* EventsTableViewController2.h */ = {isa = PBXFileReference; fileEncoding = 4; lastKnownFileType = sourcecode.c.h; path = EventsTableViewController2.h; sourceTree = "<group>"; };
		07D0A392164C4D51005397EC /* Company2+RestKit.h */ = {isa = PBXFileReference; fileEncoding = 4; lastKnownFileType = sourcecode.c.h; path = "Company2+RestKit.h"; sourceTree = "<group>"; };
		07D0A393164C4D53005397EC /* Company2+RestKit.m */ = {isa = PBXFileReference; fileEncoding = 4; lastKnownFileType = sourcecode.c.objc; path = "Company2+RestKit.m"; sourceTree = "<group>"; };
		07D0A399164C4FAD005397EC /* Company.h */ = {isa = PBXFileReference; lastKnownFileType = sourcecode.c.h; path = Company.h; sourceTree = "<group>"; };
		07D0A39A164C4FAE005397EC /* Company.m */ = {isa = PBXFileReference; lastKnownFileType = sourcecode.c.objc; path = Company.m; sourceTree = "<group>"; };
		07E2A71B164C5CE0005D20CB /* Company2.h */ = {isa = PBXFileReference; fileEncoding = 4; lastKnownFileType = sourcecode.c.h; path = Company2.h; sourceTree = "<group>"; };
		07E2A71C164C5CE0005D20CB /* Company2.m */ = {isa = PBXFileReference; fileEncoding = 4; lastKnownFileType = sourcecode.c.objc; path = Company2.m; sourceTree = "<group>"; };
		07E2A721164C67E0005D20CB /* EventComment.h */ = {isa = PBXFileReference; fileEncoding = 4; lastKnownFileType = sourcecode.c.h; path = EventComment.h; sourceTree = "<group>"; };
		07E2A722164C67E0005D20CB /* EventComment.m */ = {isa = PBXFileReference; fileEncoding = 4; lastKnownFileType = sourcecode.c.objc; path = EventComment.m; sourceTree = "<group>"; };
		07E2A72A164D12C5005D20CB /* Event2.h */ = {isa = PBXFileReference; fileEncoding = 4; lastKnownFileType = sourcecode.c.h; path = Event2.h; sourceTree = "<group>"; };
		07E2A72B164D12C5005D20CB /* Event2.m */ = {isa = PBXFileReference; fileEncoding = 4; lastKnownFileType = sourcecode.c.objc; path = Event2.m; sourceTree = "<group>"; };
		4D06458F158B418B000E1170 /* Reachability.h */ = {isa = PBXFileReference; fileEncoding = 4; lastKnownFileType = sourcecode.c.h; path = Reachability.h; sourceTree = "<group>"; };
		4D064590158B418B000E1170 /* Reachability.m */ = {isa = PBXFileReference; fileEncoding = 4; lastKnownFileType = sourcecode.c.objc; path = Reachability.m; sourceTree = "<group>"; };
		4D064593158B9432000E1170 /* LoadingSavingView.h */ = {isa = PBXFileReference; fileEncoding = 4; lastKnownFileType = sourcecode.c.h; name = LoadingSavingView.h; path = ../LoadingSavingView.h; sourceTree = "<group>"; };
		4D22B8E014F50C72000F6D57 /* DateTimePickerViewController.h */ = {isa = PBXFileReference; fileEncoding = 4; lastKnownFileType = sourcecode.c.h; path = DateTimePickerViewController.h; sourceTree = "<group>"; };
		4D22B8E114F50C72000F6D57 /* DateTimePickerViewController.m */ = {isa = PBXFileReference; fileEncoding = 4; lastKnownFileType = sourcecode.c.objc; path = DateTimePickerViewController.m; sourceTree = "<group>"; };
		4D2EE4EC14EEA0D90030B1C0 /* Icon.png */ = {isa = PBXFileReference; lastKnownFileType = image.png; path = Icon.png; sourceTree = "<group>"; };
		4D4C5B7915090391005B2E73 /* CoreLocation.framework */ = {isa = PBXFileReference; lastKnownFileType = wrapper.framework; name = CoreLocation.framework; path = System/Library/Frameworks/CoreLocation.framework; sourceTree = SDKROOT; };
		4D521EC215235130007C57D3 /* calendar2.png */ = {isa = PBXFileReference; lastKnownFileType = image.png; path = calendar2.png; sourceTree = "<group>"; };
		4D68B69D14F27A08008DA148 /* libTestFlight.a */ = {isa = PBXFileReference; lastKnownFileType = archive.ar; path = libTestFlight.a; sourceTree = "<group>"; };
		4D68B69E14F27A08008DA148 /* README.txt */ = {isa = PBXFileReference; fileEncoding = 4; lastKnownFileType = text; path = README.txt; sourceTree = "<group>"; };
		4D68B69F14F27A08008DA148 /* release_notes.txt */ = {isa = PBXFileReference; fileEncoding = 4; lastKnownFileType = text; path = release_notes.txt; sourceTree = "<group>"; };
		4D68B6A014F27A08008DA148 /* TestFlight.h */ = {isa = PBXFileReference; fileEncoding = 4; lastKnownFileType = sourcecode.c.h; path = TestFlight.h; sourceTree = "<group>"; };
		4D68B6A414F27A4C008DA148 /* libz.dylib */ = {isa = PBXFileReference; lastKnownFileType = "compiled.mach-o.dylib"; name = libz.dylib; path = usr/lib/libz.dylib; sourceTree = SDKROOT; };
		4D68B6A614F29D55008DA148 /* doc.gif */ = {isa = PBXFileReference; lastKnownFileType = image.gif; path = doc.gif; sourceTree = "<group>"; };
		4D68B6A714F29D55008DA148 /* xls.gif */ = {isa = PBXFileReference; lastKnownFileType = image.gif; path = xls.gif; sourceTree = "<group>"; };
		4D68B6A814F29D55008DA148 /* pop.gif */ = {isa = PBXFileReference; lastKnownFileType = image.gif; path = pop.gif; sourceTree = "<group>"; };
		4D68B6AC14F29FA6008DA148 /* pdf.png */ = {isa = PBXFileReference; lastKnownFileType = image.png; path = pdf.png; sourceTree = "<group>"; };
		4D68B6AE14F2A03A008DA148 /* mis.jpg */ = {isa = PBXFileReference; lastKnownFileType = image.jpeg; path = mis.jpg; sourceTree = "<group>"; };
		4D6C494314EE6E0C00D3A658 /* CommunicationSearch.h */ = {isa = PBXFileReference; fileEncoding = 4; lastKnownFileType = sourcecode.c.h; path = CommunicationSearch.h; sourceTree = "<group>"; };
		4D6C494414EE6E0C00D3A658 /* CommunicationSearch.m */ = {isa = PBXFileReference; fileEncoding = 4; lastKnownFileType = sourcecode.c.objc; path = CommunicationSearch.m; sourceTree = "<group>"; };
		4D7241F114E52114002E5052 /* PullRefreshTableViewController.m */ = {isa = PBXFileReference; fileEncoding = 4; lastKnownFileType = sourcecode.c.objc; path = PullRefreshTableViewController.m; sourceTree = "<group>"; };
		4D7241F214E52114002E5052 /* PullRefreshTableViewController.h */ = {isa = PBXFileReference; fileEncoding = 4; lastKnownFileType = sourcecode.c.h; path = PullRefreshTableViewController.h; sourceTree = "<group>"; };
		4D78CFE514E2C9F8008B65A6 /* SBS CRM 2.0.app */ = {isa = PBXFileReference; explicitFileType = wrapper.application; includeInIndex = 0; path = "SBS CRM 2.0.app"; sourceTree = BUILT_PRODUCTS_DIR; };
		4D78CFE914E2C9F8008B65A6 /* UIKit.framework */ = {isa = PBXFileReference; lastKnownFileType = wrapper.framework; name = UIKit.framework; path = System/Library/Frameworks/UIKit.framework; sourceTree = SDKROOT; };
		4D78CFEB14E2C9F8008B65A6 /* Foundation.framework */ = {isa = PBXFileReference; lastKnownFileType = wrapper.framework; name = Foundation.framework; path = System/Library/Frameworks/Foundation.framework; sourceTree = SDKROOT; };
		4D78CFED14E2C9F8008B65A6 /* CoreGraphics.framework */ = {isa = PBXFileReference; lastKnownFileType = wrapper.framework; name = CoreGraphics.framework; path = System/Library/Frameworks/CoreGraphics.framework; sourceTree = SDKROOT; };
		4D78CFEF14E2C9F8008B65A6 /* CoreData.framework */ = {isa = PBXFileReference; lastKnownFileType = wrapper.framework; name = CoreData.framework; path = System/Library/Frameworks/CoreData.framework; sourceTree = SDKROOT; };
		4D78CFF314E2C9F8008B65A6 /* SBS CRM 2.0-Info.plist */ = {isa = PBXFileReference; lastKnownFileType = text.plist.xml; path = "SBS CRM 2.0-Info.plist"; sourceTree = "<group>"; };
		4D78CFF514E2C9F8008B65A6 /* en */ = {isa = PBXFileReference; lastKnownFileType = text.plist.strings; name = en; path = en.lproj/InfoPlist.strings; sourceTree = "<group>"; };
		4D78CFF714E2C9F8008B65A6 /* main.m */ = {isa = PBXFileReference; lastKnownFileType = sourcecode.c.objc; path = main.m; sourceTree = "<group>"; };
		4D78CFF914E2C9F8008B65A6 /* SBS CRM 2.0-Prefix.pch */ = {isa = PBXFileReference; lastKnownFileType = sourcecode.c.h; path = "SBS CRM 2.0-Prefix.pch"; sourceTree = "<group>"; };
		4D78CFFA14E2C9F8008B65A6 /* AppDelegate.h */ = {isa = PBXFileReference; lastKnownFileType = sourcecode.c.h; path = AppDelegate.h; sourceTree = "<group>"; };
		4D78CFFB14E2C9F8008B65A6 /* AppDelegate.m */ = {isa = PBXFileReference; lastKnownFileType = sourcecode.c.objc; path = AppDelegate.m; sourceTree = "<group>"; };
		4D78CFFE14E2C9F8008B65A6 /* SBS_CRM.xcdatamodel */ = {isa = PBXFileReference; lastKnownFileType = wrapper.xcdatamodel; path = SBS_CRM.xcdatamodel; sourceTree = "<group>"; };
		4D78D00514E2CA28008B65A6 /* Storyboard.storyboard */ = {isa = PBXFileReference; fileEncoding = 4; lastKnownFileType = file.storyboard; name = Storyboard.storyboard; path = ../Storyboard.storyboard; sourceTree = "<group>"; };
		4D78D00F14E2CAD0008B65A6 /* LoginViewController.h */ = {isa = PBXFileReference; fileEncoding = 4; lastKnownFileType = sourcecode.c.h; path = LoginViewController.h; sourceTree = "<group>"; };
		4D78D01014E2CAD0008B65A6 /* LoginViewController.m */ = {isa = PBXFileReference; fileEncoding = 4; lastKnownFileType = sourcecode.c.objc; path = LoginViewController.m; sourceTree = "<group>"; };
		4D78D01214E2CBD5008B65A6 /* KeychainItemWrapper.h */ = {isa = PBXFileReference; fileEncoding = 4; lastKnownFileType = sourcecode.c.h; path = KeychainItemWrapper.h; sourceTree = "<group>"; };
		4D78D01314E2CBD5008B65A6 /* KeychainItemWrapper.m */ = {isa = PBXFileReference; fileEncoding = 4; lastKnownFileType = sourcecode.c.objc; path = KeychainItemWrapper.m; sourceTree = "<group>"; };
		4D78D01514E2CCC3008B65A6 /* Security.framework */ = {isa = PBXFileReference; lastKnownFileType = wrapper.framework; name = Security.framework; path = System/Library/Frameworks/Security.framework; sourceTree = SDKROOT; };
		4D78D04714E2EAA4008B65A6 /* DDXMLElementAdditions.h */ = {isa = PBXFileReference; fileEncoding = 4; lastKnownFileType = sourcecode.c.h; path = DDXMLElementAdditions.h; sourceTree = "<group>"; };
		4D78D04814E2EAA4008B65A6 /* DDXMLElementAdditions.m */ = {isa = PBXFileReference; fileEncoding = 4; lastKnownFileType = sourcecode.c.objc; path = DDXMLElementAdditions.m; sourceTree = "<group>"; };
		4D78D04A14E2EAA4008B65A6 /* NSString+DDXML.h */ = {isa = PBXFileReference; fileEncoding = 4; lastKnownFileType = sourcecode.c.h; path = "NSString+DDXML.h"; sourceTree = "<group>"; };
		4D78D04B14E2EAA4008B65A6 /* NSString+DDXML.m */ = {isa = PBXFileReference; fileEncoding = 4; lastKnownFileType = sourcecode.c.objc; path = "NSString+DDXML.m"; sourceTree = "<group>"; };
		4D78D04C14E2EAA4008B65A6 /* DDXML.h */ = {isa = PBXFileReference; fileEncoding = 4; lastKnownFileType = sourcecode.c.h; path = DDXML.h; sourceTree = "<group>"; };
		4D78D04D14E2EAA4008B65A6 /* DDXMLDocument.h */ = {isa = PBXFileReference; fileEncoding = 4; lastKnownFileType = sourcecode.c.h; path = DDXMLDocument.h; sourceTree = "<group>"; };
		4D78D04E14E2EAA4008B65A6 /* DDXMLDocument.m */ = {isa = PBXFileReference; fileEncoding = 4; lastKnownFileType = sourcecode.c.objc; path = DDXMLDocument.m; sourceTree = "<group>"; };
		4D78D04F14E2EAA4008B65A6 /* DDXMLElement.h */ = {isa = PBXFileReference; fileEncoding = 4; lastKnownFileType = sourcecode.c.h; path = DDXMLElement.h; sourceTree = "<group>"; };
		4D78D05014E2EAA4008B65A6 /* DDXMLElement.m */ = {isa = PBXFileReference; fileEncoding = 4; lastKnownFileType = sourcecode.c.objc; path = DDXMLElement.m; sourceTree = "<group>"; };
		4D78D05114E2EAA4008B65A6 /* DDXMLNode.h */ = {isa = PBXFileReference; fileEncoding = 4; lastKnownFileType = sourcecode.c.h; path = DDXMLNode.h; sourceTree = "<group>"; };
		4D78D05214E2EAA4008B65A6 /* DDXMLNode.m */ = {isa = PBXFileReference; fileEncoding = 4; lastKnownFileType = sourcecode.c.objc; path = DDXMLNode.m; sourceTree = "<group>"; };
		4D78D05414E2EAA4008B65A6 /* DDXMLPrivate.h */ = {isa = PBXFileReference; fileEncoding = 4; lastKnownFileType = sourcecode.c.h; path = DDXMLPrivate.h; sourceTree = "<group>"; };
		4D7FE4ED1576DF47008CA61F /* NSManagedObject+CoreDataManager.h */ = {isa = PBXFileReference; fileEncoding = 4; lastKnownFileType = sourcecode.c.h; path = "NSManagedObject+CoreDataManager.h"; sourceTree = "<group>"; };
		4D7FE4EE1576DF47008CA61F /* NSManagedObject+CoreDataManager.m */ = {isa = PBXFileReference; fileEncoding = 4; lastKnownFileType = sourcecode.c.objc; path = "NSManagedObject+CoreDataManager.m"; sourceTree = "<group>"; };
		4D86478E14E3D4AB00967A9E /* suttleworth_r1_c2.jpg */ = {isa = PBXFileReference; lastKnownFileType = image.jpeg; path = suttleworth_r1_c2.jpg; sourceTree = "<group>"; };
		4D86479514E3FBF700967A9E /* MoreTableViewController.h */ = {isa = PBXFileReference; fileEncoding = 4; lastKnownFileType = sourcecode.c.h; path = MoreTableViewController.h; sourceTree = "<group>"; };
		4D86479614E3FBF700967A9E /* MoreTableViewController.m */ = {isa = PBXFileReference; fileEncoding = 4; lastKnownFileType = sourcecode.c.objc; path = MoreTableViewController.m; sourceTree = "<group>"; };
		4D8647A014E40CC900967A9E /* 83-calendar.png */ = {isa = PBXFileReference; lastKnownFileType = image.png; path = "83-calendar.png"; sourceTree = "<group>"; };
		4D8647A214E40D0400967A9E /* EventsTableViewController.h */ = {isa = PBXFileReference; fileEncoding = 4; lastKnownFileType = sourcecode.c.h; path = EventsTableViewController.h; sourceTree = "<group>"; };
		4D8647A314E40D0400967A9E /* EventsTableViewController.m */ = {isa = PBXFileReference; fileEncoding = 4; lastKnownFileType = sourcecode.c.objc; path = EventsTableViewController.m; sourceTree = "<group>"; };
		4D8647A514E40D2E00967A9E /* SyncData.h */ = {isa = PBXFileReference; fileEncoding = 4; lastKnownFileType = sourcecode.c.h; path = SyncData.h; sourceTree = "<group>"; };
		4D8647A614E40D2E00967A9E /* SyncData.m */ = {isa = PBXFileReference; fileEncoding = 4; lastKnownFileType = sourcecode.c.objc; path = SyncData.m; sourceTree = "<group>"; };
		4D8647A814E411AB00967A9E /* Attachment.h */ = {isa = PBXFileReference; fileEncoding = 4; lastKnownFileType = sourcecode.c.h; path = Attachment.h; sourceTree = "<group>"; };
		4D8647A914E411AB00967A9E /* Attachment.m */ = {isa = PBXFileReference; fileEncoding = 4; lastKnownFileType = sourcecode.c.objc; path = Attachment.m; sourceTree = "<group>"; };
		4D8647B114E411AE00967A9E /* Communication.h */ = {isa = PBXFileReference; fileEncoding = 4; lastKnownFileType = sourcecode.c.h; path = Communication.h; sourceTree = "<group>"; };
		4D8647B214E411AE00967A9E /* Communication.m */ = {isa = PBXFileReference; fileEncoding = 4; lastKnownFileType = sourcecode.c.objc; path = Communication.m; sourceTree = "<group>"; };
		4D8647B914E4156300967A9E /* EventTableViewCell.xib */ = {isa = PBXFileReference; fileEncoding = 4; lastKnownFileType = file.xib; path = EventTableViewCell.xib; sourceTree = "<group>"; };
		4D8647BB14E4179F00967A9E /* EventTableViewCell.h */ = {isa = PBXFileReference; fileEncoding = 4; lastKnownFileType = sourcecode.c.h; path = EventTableViewCell.h; sourceTree = "<group>"; };
		4D8647BC14E417A000967A9E /* EventTableViewCell.m */ = {isa = PBXFileReference; fileEncoding = 4; lastKnownFileType = sourcecode.c.objc; path = EventTableViewCell.m; sourceTree = "<group>"; };
		4D867BBD1520815F0027288D /* FetchXML.h */ = {isa = PBXFileReference; fileEncoding = 4; lastKnownFileType = sourcecode.c.h; name = FetchXML.h; path = ../FetchXML.h; sourceTree = "<group>"; };
		4D867BBE1520815F0027288D /* FetchXML.m */ = {isa = PBXFileReference; fileEncoding = 4; lastKnownFileType = sourcecode.c.objc; name = FetchXML.m; path = ../FetchXML.m; sourceTree = "<group>"; };
		4D86D98E15220BEB00AB5D7E /* AttachmentSearch.h */ = {isa = PBXFileReference; fileEncoding = 4; lastKnownFileType = sourcecode.c.h; path = AttachmentSearch.h; sourceTree = "<group>"; };
		4D86D98F15220BEB00AB5D7E /* AttachmentSearch.m */ = {isa = PBXFileReference; fileEncoding = 4; lastKnownFileType = sourcecode.c.objc; path = AttachmentSearch.m; sourceTree = "<group>"; };
		4D8806AA1564FA8C00BB8C3E /* EditTableViewController.h */ = {isa = PBXFileReference; fileEncoding = 4; lastKnownFileType = sourcecode.c.h; path = EditTableViewController.h; sourceTree = "<group>"; };
		4D8806AB1564FA8C00BB8C3E /* EditTableViewController.m */ = {isa = PBXFileReference; fileEncoding = 4; lastKnownFileType = sourcecode.c.objc; path = EditTableViewController.m; sourceTree = "<group>"; };
		4D887B061564454F000AFA66 /* refresh5.png */ = {isa = PBXFileReference; lastKnownFileType = image.png; path = refresh5.png; sourceTree = "<group>"; };
		4D887B071564454F000AFA66 /* refresh6.png */ = {isa = PBXFileReference; lastKnownFileType = image.png; path = refresh6.png; sourceTree = "<group>"; };
		4D892E7D14EA6CA9000B300B /* CompanyDetailsTableViewController.h */ = {isa = PBXFileReference; fileEncoding = 4; lastKnownFileType = sourcecode.c.h; path = CompanyDetailsTableViewController.h; sourceTree = "<group>"; };
		4D892E7E14EA6CA9000B300B /* CompanyDetailsTableViewController.m */ = {isa = PBXFileReference; fileEncoding = 4; lastKnownFileType = sourcecode.c.objc; path = CompanyDetailsTableViewController.m; sourceTree = "<group>"; };
		4D892E8D14EA870A000B300B /* MapKit.framework */ = {isa = PBXFileReference; lastKnownFileType = wrapper.framework; name = MapKit.framework; path = System/Library/Frameworks/MapKit.framework; sourceTree = SDKROOT; };
		4D892E9214EA8ED4000B300B /* MapViewController.h */ = {isa = PBXFileReference; fileEncoding = 4; lastKnownFileType = sourcecode.c.h; path = MapViewController.h; sourceTree = "<group>"; };
		4D892E9314EA8ED4000B300B /* MapViewController.m */ = {isa = PBXFileReference; fileEncoding = 4; lastKnownFileType = sourcecode.c.objc; path = MapViewController.m; sourceTree = "<group>"; };
		4D892E9914EA9EDE000B300B /* ContactDetailsTableViewController.h */ = {isa = PBXFileReference; fileEncoding = 4; lastKnownFileType = sourcecode.c.h; path = ContactDetailsTableViewController.h; sourceTree = "<group>"; };
		4D892E9A14EA9EDF000B300B /* ContactDetailsTableViewController.m */ = {isa = PBXFileReference; fileEncoding = 4; lastKnownFileType = sourcecode.c.objc; path = ContactDetailsTableViewController.m; sourceTree = "<group>"; };
		4D89A5AC158A314900023D12 /* Icon@2x144.png */ = {isa = PBXFileReference; lastKnownFileType = image.png; path = "Icon@2x144.png"; sourceTree = "<group>"; };
		4D8A427B15230BB50019E565 /* XMLParser.h */ = {isa = PBXFileReference; fileEncoding = 4; lastKnownFileType = sourcecode.c.h; path = XMLParser.h; sourceTree = "<group>"; };
		4D8A427C15230BB50019E565 /* XMLParser.m */ = {isa = PBXFileReference; fileEncoding = 4; lastKnownFileType = sourcecode.c.objc; path = XMLParser.m; sourceTree = "<group>"; };
		4D8A427E15230BEC0019E565 /* SaveToCoreData.h */ = {isa = PBXFileReference; fileEncoding = 4; lastKnownFileType = sourcecode.c.h; path = SaveToCoreData.h; sourceTree = "<group>"; };
		4D8A427F15230BEC0019E565 /* SaveToCoreData.m */ = {isa = PBXFileReference; fileEncoding = 4; lastKnownFileType = sourcecode.c.objc; path = SaveToCoreData.m; sourceTree = "<group>"; };
		4D8A428115230CA60019E565 /* Format.h */ = {isa = PBXFileReference; fileEncoding = 4; lastKnownFileType = sourcecode.c.h; path = Format.h; sourceTree = "<group>"; };
		4D8A428215230CA60019E565 /* Format.m */ = {isa = PBXFileReference; fileEncoding = 4; lastKnownFileType = sourcecode.c.objc; path = Format.m; sourceTree = "<group>"; };
		4D8CD1751581F5DD0055E07E /* Convert.h */ = {isa = PBXFileReference; fileEncoding = 4; lastKnownFileType = sourcecode.c.h; path = Convert.h; sourceTree = "<group>"; };
		4D8CD1761581F5DD0055E07E /* Convert.m */ = {isa = PBXFileReference; fileEncoding = 4; lastKnownFileType = sourcecode.c.objc; path = Convert.m; sourceTree = "<group>"; };
		4D8D0A581579076D000A6FA6 /* CompanySiteSearchViewController.h */ = {isa = PBXFileReference; fileEncoding = 4; lastKnownFileType = sourcecode.c.h; path = CompanySiteSearchViewController.h; sourceTree = "<group>"; };
		4D8D0A591579076D000A6FA6 /* CompanySiteSearchViewController.m */ = {isa = PBXFileReference; fileEncoding = 4; lastKnownFileType = sourcecode.c.objc; path = CompanySiteSearchViewController.m; sourceTree = "<group>"; };
		4D8EF56814F79F700062660F /* AdvancedSearchTableViewController.h */ = {isa = PBXFileReference; fileEncoding = 4; lastKnownFileType = sourcecode.c.h; path = AdvancedSearchTableViewController.h; sourceTree = "<group>"; };
		4D8EF56914F79F700062660F /* AdvancedSearchTableViewController.m */ = {isa = PBXFileReference; fileEncoding = 4; lastKnownFileType = sourcecode.c.objc; path = AdvancedSearchTableViewController.m; sourceTree = "<group>"; };
		4D8EF56B14F7A0C50062660F /* LookUpTableViewController.h */ = {isa = PBXFileReference; fileEncoding = 4; lastKnownFileType = sourcecode.c.h; name = LookUpTableViewController.h; path = ../LookUpTableViewController.h; sourceTree = "<group>"; };
		4D8EF56C14F7A0C50062660F /* LookUpTableViewController.m */ = {isa = PBXFileReference; fileEncoding = 4; lastKnownFileType = sourcecode.c.objc; name = LookUpTableViewController.m; path = ../LookUpTableViewController.m; sourceTree = "<group>"; };
		4D8EF57314F7F33D0062660F /* dateTimePickerViewControllerOld.h */ = {isa = PBXFileReference; fileEncoding = 4; lastKnownFileType = sourcecode.c.h; path = dateTimePickerViewControllerOld.h; sourceTree = "<group>"; };
		4D8EF57514F7F35A0062660F /* dateTimePickerViewControllerOld.m */ = {isa = PBXFileReference; fileEncoding = 4; lastKnownFileType = sourcecode.c.objc; path = dateTimePickerViewControllerOld.m; sourceTree = "<group>"; };
		4D8F7FC614FB9298005C776B /* PickerViewController.h */ = {isa = PBXFileReference; fileEncoding = 4; lastKnownFileType = sourcecode.c.h; path = PickerViewController.h; sourceTree = "<group>"; };
		4D8F7FC714FB9298005C776B /* PickerViewController.m */ = {isa = PBXFileReference; fileEncoding = 4; lastKnownFileType = sourcecode.c.objc; path = PickerViewController.m; sourceTree = "<group>"; };
		4D8F975814E9142900FA0013 /* Contact.h */ = {isa = PBXFileReference; fileEncoding = 4; lastKnownFileType = sourcecode.c.h; path = Contact.h; sourceTree = "<group>"; };
		4D8F975914E9142900FA0013 /* Contact.m */ = {isa = PBXFileReference; fileEncoding = 4; lastKnownFileType = sourcecode.c.objc; path = Contact.m; sourceTree = "<group>"; };
		4D8FB3C115761170008143A3 /* AddEventViewController.h */ = {isa = PBXFileReference; fileEncoding = 4; lastKnownFileType = sourcecode.c.h; path = AddEventViewController.h; sourceTree = "<group>"; };
		4D8FB3C215761170008143A3 /* AddEventViewController.m */ = {isa = PBXFileReference; fileEncoding = 4; lastKnownFileType = sourcecode.c.objc; path = AddEventViewController.m; sourceTree = "<group>"; };
		4D9008521562817A0029AAD4 /* refresh.png */ = {isa = PBXFileReference; lastKnownFileType = image.png; path = refresh.png; sourceTree = "<group>"; };
		4D9086CF15877DC6002020EA /* Icon-Small@2x.png */ = {isa = PBXFileReference; lastKnownFileType = image.png; path = "Icon-Small@2x.png"; sourceTree = "<group>"; };
		4D90BF3114EBCE14007C8401 /* EventDetailsTableViewController.h */ = {isa = PBXFileReference; fileEncoding = 4; lastKnownFileType = sourcecode.c.h; name = EventDetailsTableViewController.h; path = ../EventDetailsTableViewController.h; sourceTree = "<group>"; };
		4D90BF3214EBCE14007C8401 /* EventDetailsTableViewController.m */ = {isa = PBXFileReference; fileEncoding = 4; lastKnownFileType = sourcecode.c.objc; name = EventDetailsTableViewController.m; path = ../EventDetailsTableViewController.m; sourceTree = "<group>"; };
		4D90BF3414EBDF77007C8401 /* TextViewController.h */ = {isa = PBXFileReference; fileEncoding = 4; lastKnownFileType = sourcecode.c.h; path = TextViewController.h; sourceTree = "<group>"; };
		4D90BF3514EBDF78007C8401 /* TextViewController.m */ = {isa = PBXFileReference; fileEncoding = 4; lastKnownFileType = sourcecode.c.objc; path = TextViewController.m; sourceTree = "<group>"; };
		4D90BF3A14EBEFBA007C8401 /* EventsListTableViewController.h */ = {isa = PBXFileReference; fileEncoding = 4; lastKnownFileType = sourcecode.c.h; name = EventsListTableViewController.h; path = ../EventsListTableViewController.h; sourceTree = "<group>"; };
		4D90BF3B14EBEFBA007C8401 /* EventsListTableViewController.m */ = {isa = PBXFileReference; fileEncoding = 4; lastKnownFileType = sourcecode.c.objc; name = EventsListTableViewController.m; path = ../EventsListTableViewController.m; sourceTree = "<group>"; };
		4D90BF3E14EBF49D007C8401 /* EventSearch.h */ = {isa = PBXFileReference; fileEncoding = 4; lastKnownFileType = sourcecode.c.h; path = EventSearch.h; sourceTree = "<group>"; };
		4D90BF3F14EBF49D007C8401 /* EventSearch.m */ = {isa = PBXFileReference; fileEncoding = 4; lastKnownFileType = sourcecode.c.objc; path = EventSearch.m; sourceTree = "<group>"; };
		4D92D11E158B395D00FCF5AA /* SystemConfiguration.framework */ = {isa = PBXFileReference; lastKnownFileType = wrapper.framework; name = SystemConfiguration.framework; path = System/Library/Frameworks/SystemConfiguration.framework; sourceTree = SDKROOT; };
		4D92D124158B3C6100FCF5AA /* MobileCoreServices.framework */ = {isa = PBXFileReference; lastKnownFileType = wrapper.framework; name = MobileCoreServices.framework; path = System/Library/Frameworks/MobileCoreServices.framework; sourceTree = SDKROOT; };
		4D99CFEC1586248B00E8BD6A /* UserDetails.h */ = {isa = PBXFileReference; fileEncoding = 4; lastKnownFileType = sourcecode.c.h; path = UserDetails.h; sourceTree = "<group>"; };
		4D99CFED1586248B00E8BD6A /* UserDetails.m */ = {isa = PBXFileReference; fileEncoding = 4; lastKnownFileType = sourcecode.c.objc; path = UserDetails.m; sourceTree = "<group>"; };
		4D99E35914FE621D00B1F089 /* DocumentViewController.h */ = {isa = PBXFileReference; fileEncoding = 4; lastKnownFileType = sourcecode.c.h; path = DocumentViewController.h; sourceTree = "<group>"; };
		4D99E35A14FE621D00B1F089 /* DocumentViewController.m */ = {isa = PBXFileReference; fileEncoding = 4; lastKnownFileType = sourcecode.c.objc; path = DocumentViewController.m; sourceTree = "<group>"; };
		4D99E35D14FE62ED00B1F089 /* Office2010IconsGallery.docx */ = {isa = PBXFileReference; lastKnownFileType = file; path = Office2010IconsGallery.docx; sourceTree = "<group>"; };
		4D9DC5321562823C00B6AF9D /* refresh2.png */ = {isa = PBXFileReference; lastKnownFileType = image.png; path = refresh2.png; sourceTree = "<group>"; };
		4D9DC5391562853500B6AF9D /* refresh4.png */ = {isa = PBXFileReference; lastKnownFileType = image.png; path = refresh4.png; sourceTree = "<group>"; };
		4DABFD1F1508E706000EC21B /* MyLocation.h */ = {isa = PBXFileReference; fileEncoding = 4; lastKnownFileType = sourcecode.c.h; path = MyLocation.h; sourceTree = "<group>"; };
		4DABFD201508E706000EC21B /* MyLocation.m */ = {isa = PBXFileReference; fileEncoding = 4; lastKnownFileType = sourcecode.c.objc; path = MyLocation.m; sourceTree = "<group>"; };
		4DB37B3814E92CAD0085D903 /* 177-building.png */ = {isa = PBXFileReference; lastKnownFileType = image.png; path = "177-building.png"; sourceTree = "<group>"; };
		4DB37B3B14E92EEE0085D903 /* icon.tiff */ = {isa = PBXFileReference; lastKnownFileType = image.tiff; path = icon.tiff; sourceTree = "<group>"; };
		4DB37B3D14E92FA40085D903 /* CompanyTableViewController.h */ = {isa = PBXFileReference; fileEncoding = 4; lastKnownFileType = sourcecode.c.h; path = CompanyTableViewController.h; sourceTree = "<group>"; };
		4DB37B3E14E92FA40085D903 /* CompanyTableViewController.m */ = {isa = PBXFileReference; fileEncoding = 4; lastKnownFileType = sourcecode.c.objc; lineEnding = 0; path = CompanyTableViewController.m; sourceTree = "<group>"; xcLanguageSpecificationIdentifier = xcode.lang.objc; };
		4DB37B4014E947070085D903 /* CompanySearch.h */ = {isa = PBXFileReference; fileEncoding = 4; lastKnownFileType = sourcecode.c.h; path = CompanySearch.h; sourceTree = "<group>"; };
		4DB37B4114E947070085D903 /* CompanySearch.m */ = {isa = PBXFileReference; fileEncoding = 4; lastKnownFileType = sourcecode.c.objc; path = CompanySearch.m; sourceTree = "<group>"; };
		4DB37B4814E9681D0085D903 /* ContactsTableViewController.h */ = {isa = PBXFileReference; fileEncoding = 4; lastKnownFileType = sourcecode.c.h; name = ContactsTableViewController.h; path = ../ContactsTableViewController.h; sourceTree = "<group>"; };
		4DB37B4914E9681D0085D903 /* ContactsTableViewController.m */ = {isa = PBXFileReference; fileEncoding = 4; lastKnownFileType = sourcecode.c.objc; name = ContactsTableViewController.m; path = ../ContactsTableViewController.m; sourceTree = "<group>"; };
		4DB37B4B14E968BE0085D903 /* ContactSearch.h */ = {isa = PBXFileReference; fileEncoding = 4; lastKnownFileType = sourcecode.c.h; path = ContactSearch.h; sourceTree = "<group>"; };
		4DB37B4C14E968BE0085D903 /* ContactSearch.m */ = {isa = PBXFileReference; fileEncoding = 4; lastKnownFileType = sourcecode.c.objc; path = ContactSearch.m; sourceTree = "<group>"; };
		4DB68BF1150A18CB00C369DB /* circlered.png */ = {isa = PBXFileReference; lastKnownFileType = image.png; path = circlered.png; sourceTree = "<group>"; };
		4DB68BF2150A18CB00C369DB /* circleblue.png */ = {isa = PBXFileReference; lastKnownFileType = image.png; path = circleblue.png; sourceTree = "<group>"; };
		4DB68BF5150A20DC00C369DB /* Watch.png */ = {isa = PBXFileReference; lastKnownFileType = image.png; path = Watch.png; sourceTree = "<group>"; };
		4DB68C00150A23BD00C369DB /* Event.h */ = {isa = PBXFileReference; fileEncoding = 4; lastKnownFileType = sourcecode.c.h; path = Event.h; sourceTree = "<group>"; };
		4DB68C01150A23BD00C369DB /* Event.m */ = {isa = PBXFileReference; fileEncoding = 4; lastKnownFileType = sourcecode.c.objc; path = Event.m; sourceTree = "<group>"; };
		4DB68C03150A390200C369DB /* Default-Landscape~ipad.png */ = {isa = PBXFileReference; lastKnownFileType = image.png; name = "Default-Landscape~ipad.png"; path = "../Default-Landscape~ipad.png"; sourceTree = "<group>"; };
		4DB68C04150A390200C369DB /* Default-Portrait~ipad.png */ = {isa = PBXFileReference; lastKnownFileType = image.png; name = "Default-Portrait~ipad.png"; path = "../Default-Portrait~ipad.png"; sourceTree = "<group>"; };
		4DB68C05150A390300C369DB /* Default.png */ = {isa = PBXFileReference; lastKnownFileType = image.png; name = Default.png; path = ../Default.png; sourceTree = "<group>"; };
		4DB68C06150A390300C369DB /* Default@2x.png */ = {isa = PBXFileReference; lastKnownFileType = image.png; name = "Default@2x.png"; path = "../Default@2x.png"; sourceTree = "<group>"; };
		4DB68C08150A390400C369DB /* Icon-72.png */ = {isa = PBXFileReference; lastKnownFileType = image.png; name = "Icon-72.png"; path = "../Icon-72.png"; sourceTree = "<group>"; };
		4DB68C09150A390400C369DB /* Icon-Small-50.png */ = {isa = PBXFileReference; lastKnownFileType = image.png; name = "Icon-Small-50.png"; path = "../Icon-Small-50.png"; sourceTree = "<group>"; };
		4DB68C0A150A390500C369DB /* Icon-Small.png */ = {isa = PBXFileReference; lastKnownFileType = image.png; name = "Icon-Small.png"; path = "../Icon-Small.png"; sourceTree = "<group>"; };
		4DB68C0D150A390700C369DB /* Icon@2x.png */ = {isa = PBXFileReference; lastKnownFileType = image.png; name = "Icon@2x.png"; path = "../Icon@2x.png"; sourceTree = "<group>"; };
		4DB68C19150A392100C369DB /* Default-Portrait@2x~ipad.png */ = {isa = PBXFileReference; lastKnownFileType = image.png; name = "Default-Portrait@2x~ipad.png"; path = "../Default-Portrait@2x~ipad.png"; sourceTree = "<group>"; };
		4DB68C1B150A392700C369DB /* Default-Landscape@2x~ipad.png */ = {isa = PBXFileReference; lastKnownFileType = image.png; name = "Default-Landscape@2x~ipad.png"; path = "../Default-Landscape@2x~ipad.png"; sourceTree = "<group>"; };
		4DB7D78A1588965C005554D4 /* Icon@ipadRetina.png */ = {isa = PBXFileReference; lastKnownFileType = image.png; path = "Icon@ipadRetina.png"; sourceTree = "<group>"; };
		4DB7D78C158896EA005554D4 /* icon144.png */ = {isa = PBXFileReference; lastKnownFileType = image.png; path = icon144.png; sourceTree = "<group>"; };
		4DC453F214ED15CD00BCE52D /* ContactListTableViewController.h */ = {isa = PBXFileReference; fileEncoding = 4; lastKnownFileType = sourcecode.c.h; path = ContactListTableViewController.h; sourceTree = "<group>"; };
		4DC453F314ED15CD00BCE52D /* ContactListTableViewController.m */ = {isa = PBXFileReference; fileEncoding = 4; lastKnownFileType = sourcecode.c.objc; path = ContactListTableViewController.m; sourceTree = "<group>"; };
		4DC895ED152C67510089A580 /* Watch-1.png */ = {isa = PBXFileReference; lastKnownFileType = image.png; path = "Watch-1.png"; sourceTree = "<group>"; };
		4DD14F3F15C2DD7C0059151B /* PropertyInfo.h */ = {isa = PBXFileReference; fileEncoding = 4; lastKnownFileType = sourcecode.c.h; path = PropertyInfo.h; sourceTree = "<group>"; };
		4DD14F4015C2DD7C0059151B /* PropertyInfo.m */ = {isa = PBXFileReference; fileEncoding = 4; lastKnownFileType = sourcecode.c.objc; path = PropertyInfo.m; sourceTree = "<group>"; };
		4DE891F815C8141000A21B54 /* AlertsAndBadges.h */ = {isa = PBXFileReference; fileEncoding = 4; lastKnownFileType = sourcecode.c.h; path = AlertsAndBadges.h; sourceTree = "<group>"; };
		4DE891F915C8141000A21B54 /* AlertsAndBadges.m */ = {isa = PBXFileReference; fileEncoding = 4; lastKnownFileType = sourcecode.c.objc; path = AlertsAndBadges.m; sourceTree = "<group>"; };
		4DEC90B0155BEB3100038581 /* AddCommentViewController.h */ = {isa = PBXFileReference; fileEncoding = 4; lastKnownFileType = sourcecode.c.h; path = AddCommentViewController.h; sourceTree = "<group>"; };
		4DEC90B1155BEB3200038581 /* AddCommentViewController.m */ = {isa = PBXFileReference; fileEncoding = 4; lastKnownFileType = sourcecode.c.objc; path = AddCommentViewController.m; sourceTree = "<group>"; };
		4DEFB3D014E52436004BA468 /* QuartzCore.framework */ = {isa = PBXFileReference; lastKnownFileType = wrapper.framework; name = QuartzCore.framework; path = System/Library/Frameworks/QuartzCore.framework; sourceTree = SDKROOT; };
		4DEFB3D314E56467004BA468 /* EventsCellData.h */ = {isa = PBXFileReference; fileEncoding = 4; lastKnownFileType = sourcecode.c.h; path = EventsCellData.h; sourceTree = "<group>"; };
		4DEFB3D414E56467004BA468 /* EventsCellData.m */ = {isa = PBXFileReference; fileEncoding = 4; lastKnownFileType = sourcecode.c.objc; path = EventsCellData.m; sourceTree = "<group>"; };
		4DF1D48B1509213000465521 /* Default.png */ = {isa = PBXFileReference; lastKnownFileType = image.png; path = Default.png; sourceTree = "<group>"; };
		4DF1D48C1509213000465521 /* Default@2x.png */ = {isa = PBXFileReference; lastKnownFileType = image.png; path = "Default@2x.png"; sourceTree = "<group>"; };
		4DF1D497150921DB00465521 /* SBS CRM.entitlements */ = {isa = PBXFileReference; lastKnownFileType = text.xml; path = "SBS CRM.entitlements"; sourceTree = "<group>"; };
/* End PBXFileReference section */

/* Begin PBXFrameworksBuildPhase section */
		4D78CFE214E2C9F8008B65A6 /* Frameworks */ = {
			isa = PBXFrameworksBuildPhase;
			buildActionMask = 2147483647;
			files = (
				07C08E67162C6E3A00CB9CB5 /* CFNetwork.framework in Frameworks */,
				07C08E68162C6E3A00CB9CB5 /* libxml2.dylib in Frameworks */,
				4D78CFF014E2C9F8008B65A6 /* CoreData.framework in Frameworks */,
				07C08E64162C6E3A00CB9CB5 /* MobileCoreServices.framework in Frameworks */,
				4DEFB3D114E52436004BA468 /* QuartzCore.framework in Frameworks */,
				4D78D01614E2CCC4008B65A6 /* Security.framework in Frameworks */,
				4D92D11F158B395D00FCF5AA /* SystemConfiguration.framework in Frameworks */,
				07C08E63162C6E0200CB9CB5 /* libRestKit.a in Frameworks */,
				4D4C5B7A15090391005B2E73 /* CoreLocation.framework in Frameworks */,
				4D68B6A514F27A4C008DA148 /* libz.dylib in Frameworks */,
				4D892E8E14EA870A000B300B /* MapKit.framework in Frameworks */,
				4D78CFEA14E2C9F8008B65A6 /* UIKit.framework in Frameworks */,
				4D78CFEC14E2C9F8008B65A6 /* Foundation.framework in Frameworks */,
				4D78CFEE14E2C9F8008B65A6 /* CoreGraphics.framework in Frameworks */,
				4D68B6A114F27A08008DA148 /* libTestFlight.a in Frameworks */,
			);
			runOnlyForDeploymentPostprocessing = 0;
		};
/* End PBXFrameworksBuildPhase section */

/* Begin PBXGroup section */
		07C08E4C162C6C3600CB9CB5 /* Products */ = {
			isa = PBXGroup;
			children = (
				07C08E57162C6C3700CB9CB5 /* libRestKit.a */,
				07C08E59162C6C3700CB9CB5 /* RestKitTests.octest */,
				07C08E5B162C6C3700CB9CB5 /* RestKit.framework */,
				07C08E5D162C6C3700CB9CB5 /* RestKitFrameworkTests.octest */,
				07C08E5F162C6C3700CB9CB5 /* RestKitResources.bundle */,
			);
			name = Products;
			sourceTree = "<group>";
		};
		4D68B69C14F27A08008DA148 /* TestFlightSDK0-1 */ = {
			isa = PBXGroup;
			children = (
				4D68B69D14F27A08008DA148 /* libTestFlight.a */,
				4D68B69E14F27A08008DA148 /* README.txt */,
				4D68B69F14F27A08008DA148 /* release_notes.txt */,
				4D68B6A014F27A08008DA148 /* TestFlight.h */,
			);
			name = "TestFlightSDK0-1";
			path = "../TestFlightSDK0-1";
			sourceTree = "<group>";
		};
		4D78CFDA14E2C9F7008B65A6 = {
			isa = PBXGroup;
			children = (
				4D78CFF114E2C9F8008B65A6 /* SBS CRM */,
				4D78CFE814E2C9F8008B65A6 /* Frameworks */,
				4D78CFE614E2C9F8008B65A6 /* Products */,
			);
			sourceTree = "<group>";
		};
		4D78CFE614E2C9F8008B65A6 /* Products */ = {
			isa = PBXGroup;
			children = (
				4D78CFE514E2C9F8008B65A6 /* SBS CRM 2.0.app */,
			);
			name = Products;
			sourceTree = "<group>";
		};
		4D78CFE814E2C9F8008B65A6 /* Frameworks */ = {
			isa = PBXGroup;
			children = (
				07C08E65162C6E3A00CB9CB5 /* CFNetwork.framework */,
				4D92D124158B3C6100FCF5AA /* MobileCoreServices.framework */,
				4D68B6A414F27A4C008DA148 /* libz.dylib */,
				07C08E66162C6E3A00CB9CB5 /* libxml2.dylib */,
				07C08E4B162C6C3600CB9CB5 /* RestKit.xcodeproj */,
				4D92D11E158B395D00FCF5AA /* SystemConfiguration.framework */,
				4D4C5B7915090391005B2E73 /* CoreLocation.framework */,
				4D892E8D14EA870A000B300B /* MapKit.framework */,
				4DEFB3D014E52436004BA468 /* QuartzCore.framework */,
				4D78D01514E2CCC3008B65A6 /* Security.framework */,
				4D78CFE914E2C9F8008B65A6 /* UIKit.framework */,
				4D78CFEB14E2C9F8008B65A6 /* Foundation.framework */,
				4D78CFED14E2C9F8008B65A6 /* CoreGraphics.framework */,
				4D78CFEF14E2C9F8008B65A6 /* CoreData.framework */,
			);
			name = Frameworks;
			sourceTree = "<group>";
		};
		4D78CFF114E2C9F8008B65A6 /* SBS CRM */ = {
			isa = PBXGroup;
			children = (
				4D8A427915230B280019E565 /* DataFetch */,
				4DE891F715C8105600A21B54 /* Data Classes */,
				4D8A42841523115E0019E565 /* unused */,
				4DE891F415C80F0300A21B54 /* View Controllers */,
				4DE891F615C8100B00A21B54 /* Views */,
				4D8647BE14E4188D00967A9E /* Cells */,
				4D78CFFA14E2C9F8008B65A6 /* AppDelegate.h */,
				4D78CFFB14E2C9F8008B65A6 /* AppDelegate.m */,
				4D8647B814E411E100967A9E /* Core Data */,
				4D8647B714E411C100967A9E /* Pictures */,
				4DF1D497150921DB00465521 /* SBS CRM.entitlements */,
				4D78CFF214E2C9F8008B65A6 /* Supporting Files */,
				4DD14F3E15C2DC8B0059151B /* Utilities */,
			);
			path = "SBS CRM";
			sourceTree = "<group>";
		};
		4D78CFF214E2C9F8008B65A6 /* Supporting Files */ = {
			isa = PBXGroup;
			children = (
				4D06458F158B418B000E1170 /* Reachability.h */,
				4D064590158B418B000E1170 /* Reachability.m */,
				4D78D04514E2EAA4008B65A6 /* KissXML */,
				4D68B69C14F27A08008DA148 /* TestFlightSDK0-1 */,
				4D99E35D14FE62ED00B1F089 /* Office2010IconsGallery.docx */,
				4D2EE4EC14EEA0D90030B1C0 /* Icon.png */,
				4DB37B3B14E92EEE0085D903 /* icon.tiff */,
				4D78D01214E2CBD5008B65A6 /* KeychainItemWrapper.h */,
				4D78D01314E2CBD5008B65A6 /* KeychainItemWrapper.m */,
				4D78CFF314E2C9F8008B65A6 /* SBS CRM 2.0-Info.plist */,
				4D78CFF414E2C9F8008B65A6 /* InfoPlist.strings */,
				4D78CFF714E2C9F8008B65A6 /* main.m */,
				4D78CFF914E2C9F8008B65A6 /* SBS CRM 2.0-Prefix.pch */,
			);
			name = "Supporting Files";
			sourceTree = "<group>";
		};
		4D78D04514E2EAA4008B65A6 /* KissXML */ = {
			isa = PBXGroup;
			children = (
				4D78D04614E2EAA4008B65A6 /* Additions */,
				4D78D04914E2EAA4008B65A6 /* Categories */,
				4D78D04C14E2EAA4008B65A6 /* DDXML.h */,
				4D78D04D14E2EAA4008B65A6 /* DDXMLDocument.h */,
				4D78D04E14E2EAA4008B65A6 /* DDXMLDocument.m */,
				4D78D04F14E2EAA4008B65A6 /* DDXMLElement.h */,
				4D78D05014E2EAA4008B65A6 /* DDXMLElement.m */,
				4D78D05114E2EAA4008B65A6 /* DDXMLNode.h */,
				4D78D05214E2EAA4008B65A6 /* DDXMLNode.m */,
				4D78D05314E2EAA4008B65A6 /* Private */,
			);
			path = KissXML;
			sourceTree = "<group>";
		};
		4D78D04614E2EAA4008B65A6 /* Additions */ = {
			isa = PBXGroup;
			children = (
				4D78D04714E2EAA4008B65A6 /* DDXMLElementAdditions.h */,
				4D78D04814E2EAA4008B65A6 /* DDXMLElementAdditions.m */,
			);
			path = Additions;
			sourceTree = "<group>";
		};
		4D78D04914E2EAA4008B65A6 /* Categories */ = {
			isa = PBXGroup;
			children = (
				4D78D04A14E2EAA4008B65A6 /* NSString+DDXML.h */,
				4D78D04B14E2EAA4008B65A6 /* NSString+DDXML.m */,
			);
			path = Categories;
			sourceTree = "<group>";
		};
		4D78D05314E2EAA4008B65A6 /* Private */ = {
			isa = PBXGroup;
			children = (
				4D78D05414E2EAA4008B65A6 /* DDXMLPrivate.h */,
			);
			path = Private;
			sourceTree = "<group>";
		};
		4D8647B714E411C100967A9E /* Pictures */ = {
			isa = PBXGroup;
			children = (
				4D887B061564454F000AFA66 /* refresh5.png */,
				4D887B071564454F000AFA66 /* refresh6.png */,
				4D9DC5391562853500B6AF9D /* refresh4.png */,
				4D9DC5321562823C00B6AF9D /* refresh2.png */,
				4DC895ED152C67510089A580 /* Watch-1.png */,
				4D9008521562817A0029AAD4 /* refresh.png */,
				4DB7D78C158896EA005554D4 /* icon144.png */,
				4D521EC215235130007C57D3 /* calendar2.png */,
				4DB68C1B150A392700C369DB /* Default-Landscape@2x~ipad.png */,
				4DB68C19150A392100C369DB /* Default-Portrait@2x~ipad.png */,
				4DB7D78A1588965C005554D4 /* Icon@ipadRetina.png */,
				4DB68C03150A390200C369DB /* Default-Landscape~ipad.png */,
				4DB68C04150A390200C369DB /* Default-Portrait~ipad.png */,
				4DB68C05150A390300C369DB /* Default.png */,
				4DB68C06150A390300C369DB /* Default@2x.png */,
				4DB68C08150A390400C369DB /* Icon-72.png */,
				4D89A5AC158A314900023D12 /* Icon@2x144.png */,
				4DB68C09150A390400C369DB /* Icon-Small-50.png */,
				4DB68C0A150A390500C369DB /* Icon-Small.png */,
				4D9086CF15877DC6002020EA /* Icon-Small@2x.png */,
				4DB68C0D150A390700C369DB /* Icon@2x.png */,
				4DB68BF5150A20DC00C369DB /* Watch.png */,
				4DB68BF1150A18CB00C369DB /* circlered.png */,
				4DB68BF2150A18CB00C369DB /* circleblue.png */,
				4DF1D48A1509213000465521 /* Default */,
				4D68B6AE14F2A03A008DA148 /* mis.jpg */,
				07CCC4BF162C1A33009556C5 /* arrowblack.png */,
				4D68B6AC14F29FA6008DA148 /* pdf.png */,
				4D68B6A614F29D55008DA148 /* doc.gif */,
				4D68B6A714F29D55008DA148 /* xls.gif */,
				4D68B6A814F29D55008DA148 /* pop.gif */,
				4DB37B3814E92CAD0085D903 /* 177-building.png */,
				4D86478E14E3D4AB00967A9E /* suttleworth_r1_c2.jpg */,
				4D8647A014E40CC900967A9E /* 83-calendar.png */,
			);
			name = Pictures;
			sourceTree = "<group>";
		};
		4D8647B814E411E100967A9E /* Core Data */ = {
			isa = PBXGroup;
			children = (
				4D8647A814E411AB00967A9E /* Attachment.h */,
				4D8647A914E411AB00967A9E /* Attachment.m */,
				4D8647B114E411AE00967A9E /* Communication.h */,
				4D8647B214E411AE00967A9E /* Communication.m */,
				07D0A399164C4FAD005397EC /* Company.h */,
				07D0A39A164C4FAE005397EC /* Company.m */,
				07D0A392164C4D51005397EC /* Company2+RestKit.h */,
				07D0A393164C4D53005397EC /* Company2+RestKit.m */,
				4D8F975814E9142900FA0013 /* Contact.h */,
				4D8F975914E9142900FA0013 /* Contact.m */,
				4D8CD1751581F5DD0055E07E /* Convert.h */,
				4D8CD1761581F5DD0055E07E /* Convert.m */,
				07D0A35C16496840005397EC /* CoreDataTableViewController.h */,
				07D0A35D16496840005397EC /* CoreDataTableViewController.m */,
				4DB68C00150A23BD00C369DB /* Event.h */,
				4DB68C01150A23BD00C369DB /* Event.m */,
				07AF533D16431F6C008428B9 /* Event2+RestKit.h */,
				07AF533E16431F6C008428B9 /* Event2+RestKit.m */,
				07AF53461643FFA1008428B9 /* EventComment+RestKit.h */,
				07AF53471643FFA2008428B9 /* EventComment+RestKit.m */,
				4D7FE4ED1576DF47008CA61F /* NSManagedObject+CoreDataManager.h */,
				4D7FE4EE1576DF47008CA61F /* NSManagedObject+CoreDataManager.m */,
				4D78CFFD14E2C9F8008B65A6 /* SBS_CRM.xcdatamodeld */,
				07E2A721164C67E0005D20CB /* EventComment.h */,
				07E2A722164C67E0005D20CB /* EventComment.m */,
				07E2A72A164D12C5005D20CB /* Event2.h */,
				07E2A72B164D12C5005D20CB /* Event2.m */,
				07AF532C1642E2AB008428B9 /* SBS_CRM2.xcdatamodeld */,
				07E2A71B164C5CE0005D20CB /* Company2.h */,
				07E2A71C164C5CE0005D20CB /* Company2.m */,
				07AF534016432111008428B9 /* SBSRestKit.h */,
				07AF534116432111008428B9 /* SBSRestKit.m */,
				07D0A35616492772005397EC /* Version.h */,
				07D0A35716492772005397EC /* Version.m */,
			);
			name = "Core Data";
			sourceTree = "<group>";
		};
		4D8647BE14E4188D00967A9E /* Cells */ = {
			isa = PBXGroup;
			children = (
				4DEFB3D314E56467004BA468 /* EventsCellData.h */,
				4DEFB3D414E56467004BA468 /* EventsCellData.m */,
				4D8647B914E4156300967A9E /* EventTableViewCell.xib */,
				4D8647BB14E4179F00967A9E /* EventTableViewCell.h */,
				4D8647BC14E417A000967A9E /* EventTableViewCell.m */,
			);
			name = Cells;
			sourceTree = "<group>";
		};
		4D8806AE1564FAA500BB8C3E /* Edit */ = {
			isa = PBXGroup;
			children = (
				4DEC90B0155BEB3100038581 /* AddCommentViewController.h */,
				4DEC90B1155BEB3200038581 /* AddCommentViewController.m */,
				4D8FB3C115761170008143A3 /* AddEventViewController.h */,
				4D8FB3C215761170008143A3 /* AddEventViewController.m */,
				4D8806AA1564FA8C00BB8C3E /* EditTableViewController.h */,
				4D8806AB1564FA8C00BB8C3E /* EditTableViewController.m */,
			);
			name = Edit;
			sourceTree = "<group>";
		};
		4D892E9814EA9C13000B300B /* Detail View Controllers */ = {
			isa = PBXGroup;
			children = (
				4D90BF3114EBCE14007C8401 /* EventDetailsTableViewController.h */,
				4D90BF3214EBCE14007C8401 /* EventDetailsTableViewController.m */,
				4D892E7D14EA6CA9000B300B /* CompanyDetailsTableViewController.h */,
				4D892E7E14EA6CA9000B300B /* CompanyDetailsTableViewController.m */,
				4D892E9914EA9EDE000B300B /* ContactDetailsTableViewController.h */,
				4D892E9A14EA9EDF000B300B /* ContactDetailsTableViewController.m */,
			);
			name = "Detail View Controllers";
			sourceTree = "<group>";
		};
		4D8A427915230B280019E565 /* DataFetch */ = {
			isa = PBXGroup;
			children = (
				4D8A427B15230BB50019E565 /* XMLParser.h */,
				4D8A427C15230BB50019E565 /* XMLParser.m */,
				4D867BBD1520815F0027288D /* FetchXML.h */,
				4D867BBE1520815F0027288D /* FetchXML.m */,
			);
			name = DataFetch;
			sourceTree = "<group>";
		};
		4D8A42841523115E0019E565 /* unused */ = {
			isa = PBXGroup;
			children = (
				4D8A427F15230BEC0019E565 /* SaveToCoreData.m */,
				4D8A427E15230BEC0019E565 /* SaveToCoreData.h */,
				4D7241F114E52114002E5052 /* PullRefreshTableViewController.m */,
				4D7241F214E52114002E5052 /* PullRefreshTableViewController.h */,
				4D8EF57314F7F33D0062660F /* dateTimePickerViewControllerOld.h */,
				4D8EF57514F7F35A0062660F /* dateTimePickerViewControllerOld.m */,
				4D8647A514E40D2E00967A9E /* SyncData.h */,
				4D8647A614E40D2E00967A9E /* SyncData.m */,
			);
			name = unused;
			sourceTree = "<group>";
		};
		4D8A4285152312ED0019E565 /* Data View Controllers */ = {
			isa = PBXGroup;
			children = (
				4D99E35914FE621D00B1F089 /* DocumentViewController.h */,
				4D99E35A14FE621D00B1F089 /* DocumentViewController.m */,
				4D90BF3414EBDF77007C8401 /* TextViewController.h */,
				4D90BF3514EBDF78007C8401 /* TextViewController.m */,
				4D892E9214EA8ED4000B300B /* MapViewController.h */,
				4D892E9314EA8ED4000B300B /* MapViewController.m */,
				4DABFD1F1508E706000EC21B /* MyLocation.h */,
				4DABFD201508E706000EC21B /* MyLocation.m */,
			);
			name = "Data View Controllers";
			sourceTree = "<group>";
		};
		4D8A4286152313520019E565 /* Main View Controllers */ = {
			isa = PBXGroup;
			children = (
				4D78D00F14E2CAD0008B65A6 /* LoginViewController.h */,
				4D78D01014E2CAD0008B65A6 /* LoginViewController.m */,
				4D86479514E3FBF700967A9E /* MoreTableViewController.h */,
				4D86479614E3FBF700967A9E /* MoreTableViewController.m */,
				4DB37B4814E9681D0085D903 /* ContactsTableViewController.h */,
				4DB37B4914E9681D0085D903 /* ContactsTableViewController.m */,
				4DB37B3D14E92FA40085D903 /* CompanyTableViewController.h */,
				4DB37B3E14E92FA40085D903 /* CompanyTableViewController.m */,
				4D8647A214E40D0400967A9E /* EventsTableViewController.h */,
				4D8647A314E40D0400967A9E /* EventsTableViewController.m */,
				07D0A367164ABF8C005397EC /* EventsTableViewController2.h */,
				07D0A365164ABE23005397EC /* EventsTableViewController2.m */,
				07D0A35316472BCE005397EC /* InfoTableViewController.h */,
				07D0A35416472BCE005397EC /* InfoTableViewController.m */,
			);
			name = "Main View Controllers";
			sourceTree = "<group>";
		};
		4D8EF57214F7F2E00062660F /* look ups & pickers */ = {
			isa = PBXGroup;
			children = (
				4D8F7FC614FB9298005C776B /* PickerViewController.h */,
				4D8F7FC714FB9298005C776B /* PickerViewController.m */,
				4D22B8E014F50C72000F6D57 /* DateTimePickerViewController.h */,
				4D22B8E114F50C72000F6D57 /* DateTimePickerViewController.m */,
				4D8EF56B14F7A0C50062660F /* LookUpTableViewController.h */,
				4D8EF56C14F7A0C50062660F /* LookUpTableViewController.m */,
			);
			name = "look ups & pickers";
			sourceTree = "<group>";
		};
		4D90BF3D14EBEFCD007C8401 /* List View Controllers */ = {
			isa = PBXGroup;
			children = (
				4DC453F214ED15CD00BCE52D /* ContactListTableViewController.h */,
				4DC453F314ED15CD00BCE52D /* ContactListTableViewController.m */,
				4D90BF3A14EBEFBA007C8401 /* EventsListTableViewController.h */,
				4D90BF3B14EBEFBA007C8401 /* EventsListTableViewController.m */,
			);
			name = "List View Controllers";
			sourceTree = "<group>";
		};
		4DB37B4414E947230085D903 /* Search Classes */ = {
			isa = PBXGroup;
			children = (
				4DB37B4014E947070085D903 /* CompanySearch.h */,
				4DB37B4114E947070085D903 /* CompanySearch.m */,
				4DB37B4B14E968BE0085D903 /* ContactSearch.h */,
				4DB37B4C14E968BE0085D903 /* ContactSearch.m */,
				4D90BF3E14EBF49D007C8401 /* EventSearch.h */,
				4D90BF3F14EBF49D007C8401 /* EventSearch.m */,
				4D6C494314EE6E0C00D3A658 /* CommunicationSearch.h */,
				4D6C494414EE6E0C00D3A658 /* CommunicationSearch.m */,
				4D86D98E15220BEB00AB5D7E /* AttachmentSearch.h */,
				4D86D98F15220BEB00AB5D7E /* AttachmentSearch.m */,
			);
			name = "Search Classes";
			sourceTree = "<group>";
		};
		4DD14F3E15C2DC8B0059151B /* Utilities */ = {
			isa = PBXGroup;
			children = (
				4D8A428115230CA60019E565 /* Format.h */,
				4D8A428215230CA60019E565 /* Format.m */,
				07AF533A16431BFC008428B9 /* LoadingView.h */,
				07AF533B16431BFC008428B9 /* LoadingView.m */,
				4DD14F3F15C2DD7C0059151B /* PropertyInfo.h */,
				4DD14F4015C2DD7C0059151B /* PropertyInfo.m */,
				4DE891F815C8141000A21B54 /* AlertsAndBadges.h */,
				4DE891F915C8141000A21B54 /* AlertsAndBadges.m */,
			);
			name = Utilities;
			sourceTree = "<group>";
		};
		4DE891F315C80EE900A21B54 /* CustomViews */ = {
			isa = PBXGroup;
			children = (
				4D064593158B9432000E1170 /* LoadingSavingView.h */,
				07AF526F164041DB008428B9 /* LoadingSavingView.m */,
			);
			name = CustomViews;
			sourceTree = "<group>";
		};
		4DE891F415C80F0300A21B54 /* View Controllers */ = {
			isa = PBXGroup;
			children = (
				4D8806AE1564FAA500BB8C3E /* Edit */,
				4D8EF57214F7F2E00062660F /* look ups & pickers */,
				4DE891F515C80F9700A21B54 /* Search View Controllers */,
				4D892E9814EA9C13000B300B /* Detail View Controllers */,
				4D90BF3D14EBEFCD007C8401 /* List View Controllers */,
				4D8A4285152312ED0019E565 /* Data View Controllers */,
				4D8A4286152313520019E565 /* Main View Controllers */,
			);
			name = "View Controllers";
			sourceTree = "<group>";
		};
		4DE891F515C80F9700A21B54 /* Search View Controllers */ = {
			isa = PBXGroup;
			children = (
				4D8EF56814F79F700062660F /* AdvancedSearchTableViewController.h */,
				4D8EF56914F79F700062660F /* AdvancedSearchTableViewController.m */,
				4D8D0A581579076D000A6FA6 /* CompanySiteSearchViewController.h */,
				4D8D0A591579076D000A6FA6 /* CompanySiteSearchViewController.m */,
			);
			name = "Search View Controllers";
			sourceTree = "<group>";
		};
		4DE891F615C8100B00A21B54 /* Views */ = {
			isa = PBXGroup;
			children = (
				4D78D00514E2CA28008B65A6 /* Storyboard.storyboard */,
				4DE891F315C80EE900A21B54 /* CustomViews */,
			);
			name = Views;
			sourceTree = "<group>";
		};
		4DE891F715C8105600A21B54 /* Data Classes */ = {
			isa = PBXGroup;
			children = (
				4DB37B4414E947230085D903 /* Search Classes */,
				4D99CFEC1586248B00E8BD6A /* UserDetails.h */,
				4D99CFED1586248B00E8BD6A /* UserDetails.m */,
			);
			name = "Data Classes";
			sourceTree = "<group>";
		};
		4DF1D48A1509213000465521 /* Default */ = {
			isa = PBXGroup;
			children = (
				07CCC4C1162C1A89009556C5 /* Default~ipad.png */,
				4DF1D48B1509213000465521 /* Default.png */,
				4DF1D48C1509213000465521 /* Default@2x.png */,
			);
			name = Default;
			path = ../../../Downloads/Default;
			sourceTree = "<group>";
		};
/* End PBXGroup section */

/* Begin PBXNativeTarget section */
		4D78CFE414E2C9F8008B65A6 /* SBS CRM 2.0 */ = {
			isa = PBXNativeTarget;
			buildConfigurationList = 4D78D00214E2C9F8008B65A6 /* Build configuration list for PBXNativeTarget "SBS CRM 2.0" */;
			buildPhases = (
				4D78CFE114E2C9F8008B65A6 /* Sources */,
				4D78CFE214E2C9F8008B65A6 /* Frameworks */,
				4D78CFE314E2C9F8008B65A6 /* Resources */,
			);
			buildRules = (
			);
			dependencies = (
				07C08E62162C6DE100CB9CB5 /* PBXTargetDependency */,
			);
			name = "SBS CRM 2.0";
			productName = "SBS CRM";
			productReference = 4D78CFE514E2C9F8008B65A6 /* SBS CRM 2.0.app */;
			productType = "com.apple.product-type.application";
		};
/* End PBXNativeTarget section */

/* Begin PBXProject section */
		4D78CFDC14E2C9F7008B65A6 /* Project object */ = {
			isa = PBXProject;
			attributes = {
				LastUpgradeCheck = 0420;
				ORGANIZATIONNAME = "Shuttleworth Business Systems Limited";
			};
			buildConfigurationList = 4D78CFDF14E2C9F7008B65A6 /* Build configuration list for PBXProject "SBS CRM 2.0" */;
			compatibilityVersion = "Xcode 3.2";
			developmentRegion = English;
			hasScannedForEncodings = 0;
			knownRegions = (
				en,
			);
			mainGroup = 4D78CFDA14E2C9F7008B65A6;
			productRefGroup = 4D78CFE614E2C9F8008B65A6 /* Products */;
			projectDirPath = "";
			projectReferences = (
				{
					ProductGroup = 07C08E4C162C6C3600CB9CB5 /* Products */;
					ProjectRef = 07C08E4B162C6C3600CB9CB5 /* RestKit.xcodeproj */;
				},
			);
			projectRoot = "";
			targets = (
				4D78CFE414E2C9F8008B65A6 /* SBS CRM 2.0 */,
			);
		};
/* End PBXProject section */

/* Begin PBXReferenceProxy section */
		07C08E57162C6C3700CB9CB5 /* libRestKit.a */ = {
			isa = PBXReferenceProxy;
			fileType = archive.ar;
			path = libRestKit.a;
			remoteRef = 07C08E56162C6C3700CB9CB5 /* PBXContainerItemProxy */;
			sourceTree = BUILT_PRODUCTS_DIR;
		};
		07C08E59162C6C3700CB9CB5 /* RestKitTests.octest */ = {
			isa = PBXReferenceProxy;
			fileType = wrapper.cfbundle;
			path = RestKitTests.octest;
			remoteRef = 07C08E58162C6C3700CB9CB5 /* PBXContainerItemProxy */;
			sourceTree = BUILT_PRODUCTS_DIR;
		};
		07C08E5B162C6C3700CB9CB5 /* RestKit.framework */ = {
			isa = PBXReferenceProxy;
			fileType = wrapper.framework;
			path = RestKit.framework;
			remoteRef = 07C08E5A162C6C3700CB9CB5 /* PBXContainerItemProxy */;
			sourceTree = BUILT_PRODUCTS_DIR;
		};
		07C08E5D162C6C3700CB9CB5 /* RestKitFrameworkTests.octest */ = {
			isa = PBXReferenceProxy;
			fileType = wrapper.cfbundle;
			path = RestKitFrameworkTests.octest;
			remoteRef = 07C08E5C162C6C3700CB9CB5 /* PBXContainerItemProxy */;
			sourceTree = BUILT_PRODUCTS_DIR;
		};
		07C08E5F162C6C3700CB9CB5 /* RestKitResources.bundle */ = {
			isa = PBXReferenceProxy;
			fileType = wrapper.cfbundle;
			path = RestKitResources.bundle;
			remoteRef = 07C08E5E162C6C3700CB9CB5 /* PBXContainerItemProxy */;
			sourceTree = BUILT_PRODUCTS_DIR;
		};
/* End PBXReferenceProxy section */

/* Begin PBXResourcesBuildPhase section */
		4D78CFE314E2C9F8008B65A6 /* Resources */ = {
			isa = PBXResourcesBuildPhase;
			buildActionMask = 2147483647;
			files = (
				4D78CFF614E2C9F8008B65A6 /* InfoPlist.strings in Resources */,
				4D78D00614E2CA28008B65A6 /* Storyboard.storyboard in Resources */,
				4D86478F14E3D4AB00967A9E /* suttleworth_r1_c2.jpg in Resources */,
				4D8647A114E40CC900967A9E /* 83-calendar.png in Resources */,
				4D8647BA14E4156300967A9E /* EventTableViewCell.xib in Resources */,
				4DB37B3914E92CAD0085D903 /* 177-building.png in Resources */,
				4DB37B3C14E92EEE0085D903 /* icon.tiff in Resources */,
				4D68B6A214F27A08008DA148 /* README.txt in Resources */,
				4D68B6A314F27A08008DA148 /* release_notes.txt in Resources */,
				4D68B6A914F29D55008DA148 /* doc.gif in Resources */,
				4D68B6AA14F29D55008DA148 /* xls.gif in Resources */,
				4D68B6AB14F29D55008DA148 /* pop.gif in Resources */,
				4D68B6AD14F29FA6008DA148 /* pdf.png in Resources */,
				4D68B6AF14F2A03A008DA148 /* mis.jpg in Resources */,
				4D8EF57414F7F33D0062660F /* dateTimePickerViewControllerOld.h in Resources */,
				4D99E35E14FE62ED00B1F089 /* Office2010IconsGallery.docx in Resources */,
				4DB68BF3150A18CB00C369DB /* circlered.png in Resources */,
				4DB68BF4150A18CB00C369DB /* circleblue.png in Resources */,
				4DB68BF6150A20DC00C369DB /* Watch.png in Resources */,
				4DB68C0E150A390700C369DB /* Default-Landscape~ipad.png in Resources */,
				4DB68C0F150A390700C369DB /* Default-Portrait~ipad.png in Resources */,
				4DB68C10150A390700C369DB /* Default.png in Resources */,
				4DB68C11150A390700C369DB /* Default@2x.png in Resources */,
				4DB68C13150A390700C369DB /* Icon-72.png in Resources */,
				4DB68C14150A390700C369DB /* Icon-Small-50.png in Resources */,
				4DB68C15150A390700C369DB /* Icon-Small.png in Resources */,
				4DB68C1A150A392100C369DB /* Default-Portrait@2x~ipad.png in Resources */,
				4DB68C1C150A392700C369DB /* Default-Landscape@2x~ipad.png in Resources */,
				4D521EC315235130007C57D3 /* calendar2.png in Resources */,
				4DC895EE152C67510089A580 /* Watch-1.png in Resources */,
				4D9008531562817A0029AAD4 /* refresh.png in Resources */,
				4D9DC5331562823C00B6AF9D /* refresh2.png in Resources */,
				4D9DC53A1562853500B6AF9D /* refresh4.png in Resources */,
				4D887B081564454F000AFA66 /* refresh5.png in Resources */,
				4D887B091564454F000AFA66 /* refresh6.png in Resources */,
				4D9086CE15877D88002020EA /* Icon.png in Resources */,
				4D9086D015877DC6002020EA /* Icon-Small@2x.png in Resources */,
				4DB7D78915889152005554D4 /* Icon@2x.png in Resources */,
				4DB7D78B1588965C005554D4 /* Icon@ipadRetina.png in Resources */,
				4DB7D78D158896EA005554D4 /* icon144.png in Resources */,
				4D89A5AD158A314900023D12 /* Icon@2x144.png in Resources */,
				07CCC4C0162C1A33009556C5 /* arrowblack.png in Resources */,
				07CCC4C2162C1A89009556C5 /* Default~ipad.png in Resources */,
			);
			runOnlyForDeploymentPostprocessing = 0;
		};
/* End PBXResourcesBuildPhase section */

/* Begin PBXSourcesBuildPhase section */
		4D78CFE114E2C9F8008B65A6 /* Sources */ = {
			isa = PBXSourcesBuildPhase;
			buildActionMask = 2147483647;
			files = (
				4D78CFF814E2C9F8008B65A6 /* main.m in Sources */,
				4D78CFFC14E2C9F8008B65A6 /* AppDelegate.m in Sources */,
				4D78CFFF14E2C9F8008B65A6 /* SBS_CRM.xcdatamodeld in Sources */,
				4D78D01114E2CAD0008B65A6 /* LoginViewController.m in Sources */,
				4D78D01414E2CBD5008B65A6 /* KeychainItemWrapper.m in Sources */,
				4D78D05514E2EAA4008B65A6 /* DDXMLElementAdditions.m in Sources */,
				4D78D05614E2EAA4008B65A6 /* NSString+DDXML.m in Sources */,
				4D78D05714E2EAA4008B65A6 /* DDXMLDocument.m in Sources */,
				4D78D05814E2EAA4008B65A6 /* DDXMLElement.m in Sources */,
				4D78D05914E2EAA4008B65A6 /* DDXMLNode.m in Sources */,
				4D86479714E3FBF700967A9E /* MoreTableViewController.m in Sources */,
				4D8647A414E40D0400967A9E /* EventsTableViewController.m in Sources */,
				4D8647A714E40D2E00967A9E /* SyncData.m in Sources */,
				4D8647AA14E411AB00967A9E /* Attachment.m in Sources */,
				4D8647B314E411AE00967A9E /* Communication.m in Sources */,
				4D8647BD14E417A100967A9E /* EventTableViewCell.m in Sources */,
				4D7241F414E52114002E5052 /* PullRefreshTableViewController.m in Sources */,
				4DEFB3D514E56467004BA468 /* EventsCellData.m in Sources */,
				4D8F975A14E9142900FA0013 /* Contact.m in Sources */,
				4DB37B3F14E92FA40085D903 /* CompanyTableViewController.m in Sources */,
				4DB37B4214E947070085D903 /* CompanySearch.m in Sources */,
				4DB37B4A14E9681D0085D903 /* ContactsTableViewController.m in Sources */,
				4DB37B4D14E968BE0085D903 /* ContactSearch.m in Sources */,
				4D892E7F14EA6CA9000B300B /* CompanyDetailsTableViewController.m in Sources */,
				4D892E9414EA8ED4000B300B /* MapViewController.m in Sources */,
				4D892E9B14EA9EDF000B300B /* ContactDetailsTableViewController.m in Sources */,
				4D90BF3314EBCE14007C8401 /* EventDetailsTableViewController.m in Sources */,
				4D90BF3614EBDF78007C8401 /* TextViewController.m in Sources */,
				4D90BF3C14EBEFBA007C8401 /* EventsListTableViewController.m in Sources */,
				4D90BF4014EBF49D007C8401 /* EventSearch.m in Sources */,
				4DC453F414ED15CD00BCE52D /* ContactListTableViewController.m in Sources */,
				4D6C494514EE6E0C00D3A658 /* CommunicationSearch.m in Sources */,
				4D22B8E214F50C72000F6D57 /* DateTimePickerViewController.m in Sources */,
				4D8EF56A14F79F700062660F /* AdvancedSearchTableViewController.m in Sources */,
				4D8EF56D14F7A0C50062660F /* LookUpTableViewController.m in Sources */,
				4D8EF57614F7F35A0062660F /* dateTimePickerViewControllerOld.m in Sources */,
				4D8F7FC814FB9298005C776B /* PickerViewController.m in Sources */,
				4D99E35B14FE621D00B1F089 /* DocumentViewController.m in Sources */,
				4DABFD211508E706000EC21B /* MyLocation.m in Sources */,
				4DB68C02150A23BD00C369DB /* Event.m in Sources */,
				4D867BBF152081600027288D /* FetchXML.m in Sources */,
				4D86D99015220BEB00AB5D7E /* AttachmentSearch.m in Sources */,
				4D8A427D15230BB50019E565 /* XMLParser.m in Sources */,
				4D8A428015230BEC0019E565 /* SaveToCoreData.m in Sources */,
				4D8A428315230CA60019E565 /* Format.m in Sources */,
				4DEC90B2155BEB3200038581 /* AddCommentViewController.m in Sources */,
				4D8806AC1564FA8C00BB8C3E /* EditTableViewController.m in Sources */,
				4D8FB3C315761170008143A3 /* AddEventViewController.m in Sources */,
				4D7FE4EF1576DF47008CA61F /* NSManagedObject+CoreDataManager.m in Sources */,
				4D8D0A5A1579076D000A6FA6 /* CompanySiteSearchViewController.m in Sources */,
				4D8CD1771581F5DD0055E07E /* Convert.m in Sources */,
				4D99CFEE1586248C00E8BD6A /* UserDetails.m in Sources */,
				4D064591158B418B000E1170 /* Reachability.m in Sources */,
				4DD14F4115C2DD7C0059151B /* PropertyInfo.m in Sources */,
				4DE891FA15C8141000A21B54 /* AlertsAndBadges.m in Sources */,
				07AF5270164041DB008428B9 /* LoadingSavingView.m in Sources */,
				07AF532E1642E2AC008428B9 /* SBS_CRM2.xcdatamodeld in Sources */,
				07AF533C16431BFC008428B9 /* LoadingView.m in Sources */,
				07AF533F16431F6D008428B9 /* Event2+RestKit.m in Sources */,
				07AF534216432112008428B9 /* SBSRestKit.m in Sources */,
				07AF53481643FFA4008428B9 /* EventComment+RestKit.m in Sources */,
				07D0A35516472BCE005397EC /* InfoTableViewController.m in Sources */,
				07D0A35816492772005397EC /* Version.m in Sources */,
				07D0A35E16496840005397EC /* CoreDataTableViewController.m in Sources */,
				07D0A366164ABE23005397EC /* EventsTableViewController2.m in Sources */,
				07D0A394164C4D58005397EC /* Company2+RestKit.m in Sources */,
				07E2A71D164C5CE1005D20CB /* Company2.m in Sources */,
				07E2A723164C67E0005D20CB /* EventComment.m in Sources */,
				07E2A72C164D12C5005D20CB /* Event2.m in Sources */,
			);
			runOnlyForDeploymentPostprocessing = 0;
		};
/* End PBXSourcesBuildPhase section */

/* Begin PBXTargetDependency section */
		07C08E62162C6DE100CB9CB5 /* PBXTargetDependency */ = {
			isa = PBXTargetDependency;
			name = RestKit;
			targetProxy = 07C08E61162C6DE100CB9CB5 /* PBXContainerItemProxy */;
		};
/* End PBXTargetDependency section */

/* Begin PBXVariantGroup section */
		4D78CFF414E2C9F8008B65A6 /* InfoPlist.strings */ = {
			isa = PBXVariantGroup;
			children = (
				4D78CFF514E2C9F8008B65A6 /* en */,
			);
			name = InfoPlist.strings;
			sourceTree = "<group>";
		};
/* End PBXVariantGroup section */

/* Begin XCBuildConfiguration section */
		4D78D00014E2C9F8008B65A6 /* Debug */ = {
			isa = XCBuildConfiguration;
			buildSettings = {
				ALWAYS_SEARCH_USER_PATHS = NO;
				ARCHS = "$(ARCHS_STANDARD_32_BIT)";
				CLANG_ENABLE_OBJC_ARC = YES;
				CODE_SIGN_IDENTITY = "iPhone Developer: Tom Couchman (FJ3DRHWW37)";
				"CODE_SIGN_IDENTITY[sdk=iphoneos*]" = "iPhone Developer";
				COPY_PHASE_STRIP = NO;
				GCC_C_LANGUAGE_STANDARD = gnu99;
				GCC_DYNAMIC_NO_PIC = NO;
				GCC_OPTIMIZATION_LEVEL = 0;
				GCC_PREPROCESSOR_DEFINITIONS = (
					"DEBUG=1",
					"$(inherited)",
				);
				GCC_SYMBOLS_PRIVATE_EXTERN = NO;
				GCC_VERSION = com.apple.compilers.llvm.clang.1_0;
				GCC_WARN_ABOUT_MISSING_PROTOTYPES = YES;
				GCC_WARN_ABOUT_RETURN_TYPE = YES;
				GCC_WARN_UNUSED_VARIABLE = YES;
				HEADER_SEARCH_PATHS = "";
				IPHONEOS_DEPLOYMENT_TARGET = 5.0;
				OTHER_LDFLAGS = "";
				PROVISIONING_PROFILE = "E495DF1F-61FA-4A0C-BC10-B267C998429B";
				SDKROOT = iphoneos;
				STRIP_INSTALLED_PRODUCT = NO;
			};
			name = Debug;
		};
		4D78D00114E2C9F8008B65A6 /* Release */ = {
			isa = XCBuildConfiguration;
			buildSettings = {
				ALWAYS_SEARCH_USER_PATHS = NO;
				ARCHS = "$(ARCHS_STANDARD_32_BIT)";
				CLANG_ENABLE_OBJC_ARC = YES;
				"CODE_SIGN_IDENTITY[sdk=iphoneos*]" = "iPhone Developer";
				COPY_PHASE_STRIP = NO;
				GCC_C_LANGUAGE_STANDARD = gnu99;
				GCC_VERSION = com.apple.compilers.llvm.clang.1_0;
				GCC_WARN_ABOUT_MISSING_PROTOTYPES = YES;
				GCC_WARN_ABOUT_RETURN_TYPE = YES;
				GCC_WARN_UNUSED_VARIABLE = YES;
				HEADER_SEARCH_PATHS = "";
				IPHONEOS_DEPLOYMENT_TARGET = 5.0;
				OTHER_CFLAGS = "-DNS_BLOCK_ASSERTIONS=1";
				OTHER_LDFLAGS = "";
				SDKROOT = iphoneos;
				STRIP_INSTALLED_PRODUCT = NO;
				VALIDATE_PRODUCT = YES;
			};
			name = Release;
		};
		4D78D00314E2C9F8008B65A6 /* Debug */ = {
			isa = XCBuildConfiguration;
			buildSettings = {
				CODE_SIGN_IDENTITY = "iPhone Developer";
				"CODE_SIGN_IDENTITY[sdk=iphoneos*]" = "iPhone Developer";
				GCC_PRECOMPILE_PREFIX_HEADER = YES;
				GCC_PREFIX_HEADER = "SBS CRM/SBS CRM 2.0-Prefix.pch";
				HEADER_SEARCH_PATHS = (
					/usr/include/libxml2,
					"\"$(BUILT_PRODUCTS_DIR)/../../Headers\"",
				);
				INFOPLIST_FILE = "SBS CRM/SBS CRM 2.0-Info.plist";
				IPHONEOS_DEPLOYMENT_TARGET = 5.0;
				LIBRARY_SEARCH_PATHS = (
					"$(inherited)",
					"\"$(SRCROOT)/TestFlightSDK0-1\"",
				);
				OTHER_LDFLAGS = (
					"-lxml2",
					"-ObjC",
					"-all_load",
				);
				PRODUCT_NAME = "SBS CRM 2.0";
				PROVISIONING_PROFILE = "";
				"PROVISIONING_PROFILE[sdk=iphoneos*]" = "";
				TARGETED_DEVICE_FAMILY = "1,2";
				WRAPPER_EXTENSION = app;
			};
			name = Debug;
		};
		4D78D00414E2C9F8008B65A6 /* Release */ = {
			isa = XCBuildConfiguration;
			buildSettings = {
				CODE_SIGN_IDENTITY = "iPhone Distribution: Shuttleworth Business Systems Limited";
				"CODE_SIGN_IDENTITY[sdk=iphoneos*]" = "iPhone Distribution: Shuttleworth Business Systems Limited";
				GCC_PRECOMPILE_PREFIX_HEADER = YES;
				GCC_PREFIX_HEADER = "SBS CRM/SBS CRM 2.0-Prefix.pch";
				HEADER_SEARCH_PATHS = (
					/usr/include/libxml2,
					"\"$(BUILT_PRODUCTS_DIR)/../../Headers\"",
				);
				INFOPLIST_FILE = "SBS CRM/SBS CRM 2.0-Info.plist";
				IPHONEOS_DEPLOYMENT_TARGET = 5.0;
				LIBRARY_SEARCH_PATHS = (
					"$(inherited)",
					"\"$(SRCROOT)/TestFlightSDK0-1\"",
				);
				OTHER_LDFLAGS = (
					"-lxml2",
					"-ObjC",
					"-all_load",
				);
				PRODUCT_NAME = "SBS CRM 2.0";
				PROVISIONING_PROFILE = "7810C2F2-CB53-4D9D-948B-0A55E63A4FD4";
				"PROVISIONING_PROFILE[sdk=iphoneos*]" = "7810C2F2-CB53-4D9D-948B-0A55E63A4FD4";
				TARGETED_DEVICE_FAMILY = "1,2";
				WRAPPER_EXTENSION = app;
			};
			name = Release;
		};
		4D8F7FC914FBECF3005C776B /* Ad-Hoc */ = {
			isa = XCBuildConfiguration;
			buildSettings = {
				ALWAYS_SEARCH_USER_PATHS = NO;
				ARCHS = "$(ARCHS_STANDARD_32_BIT)";
				CLANG_ENABLE_OBJC_ARC = YES;
				CODE_SIGN_IDENTITY = "iPhone Developer: Tom Couchman (FJ3DRHWW37)";
				"CODE_SIGN_IDENTITY[sdk=iphoneos*]" = "iPhone Developer";
				COPY_PHASE_STRIP = NO;
				GCC_C_LANGUAGE_STANDARD = gnu99;
				GCC_VERSION = com.apple.compilers.llvm.clang.1_0;
				GCC_WARN_ABOUT_MISSING_PROTOTYPES = YES;
				GCC_WARN_ABOUT_RETURN_TYPE = YES;
				GCC_WARN_UNUSED_VARIABLE = YES;
				HEADER_SEARCH_PATHS = "";
				IPHONEOS_DEPLOYMENT_TARGET = 5.0;
				OTHER_CFLAGS = "-DNS_BLOCK_ASSERTIONS=1";
				OTHER_LDFLAGS = "";
				PROVISIONING_PROFILE = "E495DF1F-61FA-4A0C-BC10-B267C998429B";
				SDKROOT = iphoneos;
				STRIP_INSTALLED_PRODUCT = NO;
				VALIDATE_PRODUCT = YES;
			};
			name = "Ad-Hoc";
		};
		4D8F7FCA14FBECF3005C776B /* Ad-Hoc */ = {
			isa = XCBuildConfiguration;
			buildSettings = {
				CODE_SIGN_IDENTITY = "iPhone Distribution: Shuttleworth Business Systems Limited";
				"CODE_SIGN_IDENTITY[sdk=iphoneos*]" = "iPhone Distribution: Shuttleworth Business Systems Limited";
				GCC_PRECOMPILE_PREFIX_HEADER = YES;
				GCC_PREFIX_HEADER = "SBS CRM/SBS CRM 2.0-Prefix.pch";
				HEADER_SEARCH_PATHS = (
					/usr/include/libxml2,
					"\"$(BUILT_PRODUCTS_DIR)/../../Headers\"",
				);
				INFOPLIST_FILE = "SBS CRM/SBS CRM 2.0-Info.plist";
				IPHONEOS_DEPLOYMENT_TARGET = 5.0;
				LIBRARY_SEARCH_PATHS = (
					"$(inherited)",
					"\"$(SRCROOT)/TestFlightSDK0-1\"",
				);
				OTHER_LDFLAGS = (
					"-lxml2",
					"-ObjC",
					"-all_load",
				);
				PRODUCT_NAME = "SBS CRM 2.0";
				PROVISIONING_PROFILE = "7810C2F2-CB53-4D9D-948B-0A55E63A4FD4";
				"PROVISIONING_PROFILE[sdk=iphoneos*]" = "7810C2F2-CB53-4D9D-948B-0A55E63A4FD4";
				TARGETED_DEVICE_FAMILY = "1,2";
				WRAPPER_EXTENSION = app;
			};
			name = "Ad-Hoc";
		};
/* End XCBuildConfiguration section */

/* Begin XCConfigurationList section */
		4D78CFDF14E2C9F7008B65A6 /* Build configuration list for PBXProject "SBS CRM 2.0" */ = {
			isa = XCConfigurationList;
			buildConfigurations = (
				4D78D00014E2C9F8008B65A6 /* Debug */,
				4D78D00114E2C9F8008B65A6 /* Release */,
				4D8F7FC914FBECF3005C776B /* Ad-Hoc */,
			);
			defaultConfigurationIsVisible = 0;
			defaultConfigurationName = Debug;
		};
		4D78D00214E2C9F8008B65A6 /* Build configuration list for PBXNativeTarget "SBS CRM 2.0" */ = {
			isa = XCConfigurationList;
			buildConfigurations = (
				4D78D00314E2C9F8008B65A6 /* Debug */,
				4D78D00414E2C9F8008B65A6 /* Release */,
				4D8F7FCA14FBECF3005C776B /* Ad-Hoc */,
			);
			defaultConfigurationIsVisible = 0;
			defaultConfigurationName = Debug;
		};
/* End XCConfigurationList section */

/* Begin XCVersionGroup section */
		07AF532C1642E2AB008428B9 /* SBS_CRM2.xcdatamodeld */ = {
			isa = XCVersionGroup;
			children = (
				07AF532D1642E2AC008428B9 /* SBS_CRM2.xcdatamodel */,
			);
			currentVersion = 07AF532D1642E2AC008428B9 /* SBS_CRM2.xcdatamodel */;
			path = SBS_CRM2.xcdatamodeld;
			sourceTree = "<group>";
			versionGroupType = wrapper.xcdatamodel;
		};
		4D78CFFD14E2C9F8008B65A6 /* SBS_CRM.xcdatamodeld */ = {
			isa = XCVersionGroup;
			children = (
				4D78CFFE14E2C9F8008B65A6 /* SBS_CRM.xcdatamodel */,
			);
			currentVersion = 4D78CFFE14E2C9F8008B65A6 /* SBS_CRM.xcdatamodel */;
			path = SBS_CRM.xcdatamodeld;
			sourceTree = "<group>";
			versionGroupType = wrapper.xcdatamodel;
		};
/* End XCVersionGroup section */
	};
	rootObject = 4D78CFDC14E2C9F7008B65A6 /* Project object */;
}
